// !$*UTF8*$!
{
	archiveVersion = 1;
	classes = {
	};
	objectVersion = 50;
	objects = {

/* Begin PBXBuildFile section */
		4EAF4589221B1F5E006D6148 /* AppDelegate.swift in Sources */ = {isa = PBXBuildFile; fileRef = 4EAF4588221B1F5E006D6148 /* AppDelegate.swift */; };
		4EAF458B221B1F5E006D6148 /* WelcomeVC.swift in Sources */ = {isa = PBXBuildFile; fileRef = 4EAF458A221B1F5E006D6148 /* WelcomeVC.swift */; };
		4EAF458E221B1F5F006D6148 /* Main.storyboard in Resources */ = {isa = PBXBuildFile; fileRef = 4EAF458C221B1F5F006D6148 /* Main.storyboard */; };
		4EAF4590221B1F61006D6148 /* Assets.xcassets in Resources */ = {isa = PBXBuildFile; fileRef = 4EAF458F221B1F61006D6148 /* Assets.xcassets */; };
		4EAF4593221B1F61006D6148 /* LaunchScreen.storyboard in Resources */ = {isa = PBXBuildFile; fileRef = 4EAF4591221B1F61006D6148 /* LaunchScreen.storyboard */; };
		4EAF459E221B1F61006D6148 /* LycheeTests.swift in Sources */ = {isa = PBXBuildFile; fileRef = 4EAF459D221B1F61006D6148 /* LycheeTests.swift */; };
		4EAF45A9221B1F62006D6148 /* LycheeUITests.swift in Sources */ = {isa = PBXBuildFile; fileRef = 4EAF45A8221B1F62006D6148 /* LycheeUITests.swift */; };
		4EAF45B7221B2204006D6148 /* ScannerVC.swift in Sources */ = {isa = PBXBuildFile; fileRef = 4EAF45B6221B2204006D6148 /* ScannerVC.swift */; };
		4EAF45B9221B22BB006D6148 /* Helper.swift in Sources */ = {isa = PBXBuildFile; fileRef = 4EAF45B8221B22BB006D6148 /* Helper.swift */; };
		4EAF45BD221CB88B006D6148 /* UserData.swift in Sources */ = {isa = PBXBuildFile; fileRef = 4EAF45BC221CB88B006D6148 /* UserData.swift */; };
		936B146124119240007EA98F /* AllergenCard.xib in Resources */ = {isa = PBXBuildFile; fileRef = 936B146024119240007EA98F /* AllergenCard.xib */; };
		936B1463241198BC007EA98F /* AllergenCardView.swift in Sources */ = {isa = PBXBuildFile; fileRef = 936B1462241198BC007EA98F /* AllergenCardView.swift */; };
		936B146524119B32007EA98F /* AddAllergenButton.xib in Resources */ = {isa = PBXBuildFile; fileRef = 936B146424119B32007EA98F /* AddAllergenButton.xib */; };
		936B146724119BC5007EA98F /* AddAllergenButton.swift in Sources */ = {isa = PBXBuildFile; fileRef = 936B146624119BC5007EA98F /* AddAllergenButton.swift */; };
		936B14762411C0DB007EA98F /* OpenSans-Bold.ttf in Resources */ = {isa = PBXBuildFile; fileRef = 936B146C2411C0AF007EA98F /* OpenSans-Bold.ttf */; };
		936B14772411C0DB007EA98F /* OpenSans-BoldItalic.ttf in Resources */ = {isa = PBXBuildFile; fileRef = 936B146F2411C0AF007EA98F /* OpenSans-BoldItalic.ttf */; };
		936B14782411C0DB007EA98F /* OpenSans-ExtraBold.ttf in Resources */ = {isa = PBXBuildFile; fileRef = 936B14692411C0AE007EA98F /* OpenSans-ExtraBold.ttf */; };
		936B14792411C0DB007EA98F /* OpenSans-ExtraBoldItalic.ttf in Resources */ = {isa = PBXBuildFile; fileRef = 936B146A2411C0AE007EA98F /* OpenSans-ExtraBoldItalic.ttf */; };
		936B147A2411C0DB007EA98F /* OpenSans-Italic.ttf in Resources */ = {isa = PBXBuildFile; fileRef = 936B146B2411C0AE007EA98F /* OpenSans-Italic.ttf */; };
		936B147B2411C0DB007EA98F /* OpenSans-Light.ttf in Resources */ = {isa = PBXBuildFile; fileRef = 936B14712411C0AF007EA98F /* OpenSans-Light.ttf */; };
		936B147C2411C0DB007EA98F /* OpenSans-LightItalic.ttf in Resources */ = {isa = PBXBuildFile; fileRef = 936B146D2411C0AF007EA98F /* OpenSans-LightItalic.ttf */; };
		936B147D2411C0DB007EA98F /* OpenSans-Regular.ttf in Resources */ = {isa = PBXBuildFile; fileRef = 936B146E2411C0AF007EA98F /* OpenSans-Regular.ttf */; };
		936B147E2411C0DB007EA98F /* OpenSans-Semibold.ttf in Resources */ = {isa = PBXBuildFile; fileRef = 936B14702411C0AF007EA98F /* OpenSans-Semibold.ttf */; };
		936B147F2411C0DB007EA98F /* OpenSans-SemiboldItalic.ttf in Resources */ = {isa = PBXBuildFile; fileRef = 936B14722411C0AF007EA98F /* OpenSans-SemiboldItalic.ttf */; };
		936B14802411C0DC007EA98F /* OpenSans-Bold.ttf in Resources */ = {isa = PBXBuildFile; fileRef = 936B146C2411C0AF007EA98F /* OpenSans-Bold.ttf */; };
		936B14812411C0DC007EA98F /* OpenSans-BoldItalic.ttf in Resources */ = {isa = PBXBuildFile; fileRef = 936B146F2411C0AF007EA98F /* OpenSans-BoldItalic.ttf */; };
		936B14822411C0DC007EA98F /* OpenSans-ExtraBold.ttf in Resources */ = {isa = PBXBuildFile; fileRef = 936B14692411C0AE007EA98F /* OpenSans-ExtraBold.ttf */; };
		936B14832411C0DC007EA98F /* OpenSans-ExtraBoldItalic.ttf in Resources */ = {isa = PBXBuildFile; fileRef = 936B146A2411C0AE007EA98F /* OpenSans-ExtraBoldItalic.ttf */; };
		936B14842411C0DC007EA98F /* OpenSans-Italic.ttf in Resources */ = {isa = PBXBuildFile; fileRef = 936B146B2411C0AE007EA98F /* OpenSans-Italic.ttf */; };
		936B14852411C0DC007EA98F /* OpenSans-Light.ttf in Resources */ = {isa = PBXBuildFile; fileRef = 936B14712411C0AF007EA98F /* OpenSans-Light.ttf */; };
		936B14862411C0DC007EA98F /* OpenSans-LightItalic.ttf in Resources */ = {isa = PBXBuildFile; fileRef = 936B146D2411C0AF007EA98F /* OpenSans-LightItalic.ttf */; };
		936B14872411C0DC007EA98F /* OpenSans-Regular.ttf in Resources */ = {isa = PBXBuildFile; fileRef = 936B146E2411C0AF007EA98F /* OpenSans-Regular.ttf */; };
		936B14882411C0DC007EA98F /* OpenSans-Semibold.ttf in Resources */ = {isa = PBXBuildFile; fileRef = 936B14702411C0AF007EA98F /* OpenSans-Semibold.ttf */; };
		936B14892411C0DC007EA98F /* OpenSans-SemiboldItalic.ttf in Resources */ = {isa = PBXBuildFile; fileRef = 936B14722411C0AF007EA98F /* OpenSans-SemiboldItalic.ttf */; };
		936B148A2411C0DC007EA98F /* OpenSans-Bold.ttf in Resources */ = {isa = PBXBuildFile; fileRef = 936B146C2411C0AF007EA98F /* OpenSans-Bold.ttf */; };
		936B148B2411C0DC007EA98F /* OpenSans-BoldItalic.ttf in Resources */ = {isa = PBXBuildFile; fileRef = 936B146F2411C0AF007EA98F /* OpenSans-BoldItalic.ttf */; };
		936B148C2411C0DC007EA98F /* OpenSans-ExtraBold.ttf in Resources */ = {isa = PBXBuildFile; fileRef = 936B14692411C0AE007EA98F /* OpenSans-ExtraBold.ttf */; };
		936B148D2411C0DC007EA98F /* OpenSans-ExtraBoldItalic.ttf in Resources */ = {isa = PBXBuildFile; fileRef = 936B146A2411C0AE007EA98F /* OpenSans-ExtraBoldItalic.ttf */; };
		936B148E2411C0DC007EA98F /* OpenSans-Italic.ttf in Resources */ = {isa = PBXBuildFile; fileRef = 936B146B2411C0AE007EA98F /* OpenSans-Italic.ttf */; };
		936B148F2411C0DC007EA98F /* OpenSans-Light.ttf in Resources */ = {isa = PBXBuildFile; fileRef = 936B14712411C0AF007EA98F /* OpenSans-Light.ttf */; };
		936B14902411C0DC007EA98F /* OpenSans-LightItalic.ttf in Resources */ = {isa = PBXBuildFile; fileRef = 936B146D2411C0AF007EA98F /* OpenSans-LightItalic.ttf */; };
		936B14912411C0DC007EA98F /* OpenSans-Regular.ttf in Resources */ = {isa = PBXBuildFile; fileRef = 936B146E2411C0AF007EA98F /* OpenSans-Regular.ttf */; };
		936B14922411C0DC007EA98F /* OpenSans-Semibold.ttf in Resources */ = {isa = PBXBuildFile; fileRef = 936B14702411C0AF007EA98F /* OpenSans-Semibold.ttf */; };
		936B14932411C0DC007EA98F /* OpenSans-SemiboldItalic.ttf in Resources */ = {isa = PBXBuildFile; fileRef = 936B14722411C0AF007EA98F /* OpenSans-SemiboldItalic.ttf */; };
		936B14952411C0EC007EA98F /* OleoScript-Bold.ttf in Resources */ = {isa = PBXBuildFile; fileRef = 936B14742411C0BF007EA98F /* OleoScript-Bold.ttf */; };
		936B14962411C0EC007EA98F /* OleoScript-Regular.ttf in Resources */ = {isa = PBXBuildFile; fileRef = 936B14732411C0BF007EA98F /* OleoScript-Regular.ttf */; };
		936B14992411C0EE007EA98F /* OleoScript-Bold.ttf in Resources */ = {isa = PBXBuildFile; fileRef = 936B14742411C0BF007EA98F /* OleoScript-Bold.ttf */; };
		936B149A2411C0EE007EA98F /* OleoScript-Regular.ttf in Resources */ = {isa = PBXBuildFile; fileRef = 936B14732411C0BF007EA98F /* OleoScript-Regular.ttf */; };
		936B149B2411C0EE007EA98F /* OleoScript-Bold.ttf in Resources */ = {isa = PBXBuildFile; fileRef = 936B14742411C0BF007EA98F /* OleoScript-Bold.ttf */; };
		936B149C2411C0EE007EA98F /* OleoScript-Regular.ttf in Resources */ = {isa = PBXBuildFile; fileRef = 936B14732411C0BF007EA98F /* OleoScript-Regular.ttf */; };
		936B149E2411C9BF007EA98F /* AllergensVC.swift in Sources */ = {isa = PBXBuildFile; fileRef = 936B149D2411C9BF007EA98F /* AllergensVC.swift */; };
		936B14A02412BD8F007EA98F /* InputAllergenVC.swift in Sources */ = {isa = PBXBuildFile; fileRef = 936B149F2412BD8F007EA98F /* InputAllergenVC.swift */; };
		9379BDD5240D862F00540398 /* NutritionInfo.swift in Sources */ = {isa = PBXBuildFile; fileRef = 9379BDD4240D862F00540398 /* NutritionInfo.swift */; };
		93DB3AE92412ED32002620A9 /* AllergensDetectedVC.swift in Sources */ = {isa = PBXBuildFile; fileRef = 93DB3AE82412ED32002620A9 /* AllergensDetectedVC.swift */; };
/* End PBXBuildFile section */

/* Begin PBXContainerItemProxy section */
		4EAF459A221B1F61006D6148 /* PBXContainerItemProxy */ = {
			isa = PBXContainerItemProxy;
			containerPortal = 4EAF457D221B1F5E006D6148 /* Project object */;
			proxyType = 1;
			remoteGlobalIDString = 4EAF4584221B1F5E006D6148;
			remoteInfo = Lychee;
		};
		4EAF45A5221B1F62006D6148 /* PBXContainerItemProxy */ = {
			isa = PBXContainerItemProxy;
			containerPortal = 4EAF457D221B1F5E006D6148 /* Project object */;
			proxyType = 1;
			remoteGlobalIDString = 4EAF4584221B1F5E006D6148;
			remoteInfo = Lychee;
		};
/* End PBXContainerItemProxy section */

/* Begin PBXFileReference section */
		4EAF4585221B1F5E006D6148 /* Lychee.app */ = {isa = PBXFileReference; explicitFileType = wrapper.application; includeInIndex = 0; path = Lychee.app; sourceTree = BUILT_PRODUCTS_DIR; };
		4EAF4588221B1F5E006D6148 /* AppDelegate.swift */ = {isa = PBXFileReference; lastKnownFileType = sourcecode.swift; path = AppDelegate.swift; sourceTree = "<group>"; };
		4EAF458A221B1F5E006D6148 /* WelcomeVC.swift */ = {isa = PBXFileReference; lastKnownFileType = sourcecode.swift; path = WelcomeVC.swift; sourceTree = "<group>"; };
		4EAF458D221B1F5F006D6148 /* Base */ = {isa = PBXFileReference; lastKnownFileType = file.storyboard; name = Base; path = Base.lproj/Main.storyboard; sourceTree = "<group>"; };
		4EAF458F221B1F61006D6148 /* Assets.xcassets */ = {isa = PBXFileReference; lastKnownFileType = folder.assetcatalog; path = Assets.xcassets; sourceTree = "<group>"; };
		4EAF4592221B1F61006D6148 /* Base */ = {isa = PBXFileReference; lastKnownFileType = file.storyboard; name = Base; path = Base.lproj/LaunchScreen.storyboard; sourceTree = "<group>"; };
		4EAF4594221B1F61006D6148 /* Info.plist */ = {isa = PBXFileReference; lastKnownFileType = text.plist.xml; path = Info.plist; sourceTree = "<group>"; };
		4EAF4599221B1F61006D6148 /* LycheeTests.xctest */ = {isa = PBXFileReference; explicitFileType = wrapper.cfbundle; includeInIndex = 0; path = LycheeTests.xctest; sourceTree = BUILT_PRODUCTS_DIR; };
		4EAF459D221B1F61006D6148 /* LycheeTests.swift */ = {isa = PBXFileReference; lastKnownFileType = sourcecode.swift; path = LycheeTests.swift; sourceTree = "<group>"; };
		4EAF459F221B1F61006D6148 /* Info.plist */ = {isa = PBXFileReference; lastKnownFileType = text.plist.xml; path = Info.plist; sourceTree = "<group>"; };
		4EAF45A4221B1F62006D6148 /* LycheeUITests.xctest */ = {isa = PBXFileReference; explicitFileType = wrapper.cfbundle; includeInIndex = 0; path = LycheeUITests.xctest; sourceTree = BUILT_PRODUCTS_DIR; };
		4EAF45A8221B1F62006D6148 /* LycheeUITests.swift */ = {isa = PBXFileReference; lastKnownFileType = sourcecode.swift; path = LycheeUITests.swift; sourceTree = "<group>"; };
		4EAF45AA221B1F62006D6148 /* Info.plist */ = {isa = PBXFileReference; lastKnownFileType = text.plist.xml; path = Info.plist; sourceTree = "<group>"; };
		4EAF45B6221B2204006D6148 /* ScannerVC.swift */ = {isa = PBXFileReference; lastKnownFileType = sourcecode.swift; path = ScannerVC.swift; sourceTree = "<group>"; };
		4EAF45B8221B22BB006D6148 /* Helper.swift */ = {isa = PBXFileReference; lastKnownFileType = sourcecode.swift; path = Helper.swift; sourceTree = "<group>"; };
		4EAF45BC221CB88B006D6148 /* UserData.swift */ = {isa = PBXFileReference; lastKnownFileType = sourcecode.swift; path = UserData.swift; sourceTree = "<group>"; };
		9348EE6C241185CB0078C352 /* SF-Mono-RegularItalic.otf */ = {isa = PBXFileReference; lastKnownFileType = file; path = "SF-Mono-RegularItalic.otf"; sourceTree = "<group>"; };
		9348EE6D241185CB0078C352 /* SF-Mono-Heavy.otf */ = {isa = PBXFileReference; lastKnownFileType = file; path = "SF-Mono-Heavy.otf"; sourceTree = "<group>"; };
		9348EE6E241185CB0078C352 /* SF-Mono-BoldItalic.otf */ = {isa = PBXFileReference; lastKnownFileType = file; path = "SF-Mono-BoldItalic.otf"; sourceTree = "<group>"; };
		9348EE6F241185CB0078C352 /* SF-Mono-SemiboldItalic.otf */ = {isa = PBXFileReference; lastKnownFileType = file; path = "SF-Mono-SemiboldItalic.otf"; sourceTree = "<group>"; };
		9348EE70241185CB0078C352 /* SF-Mono-Semibold.otf */ = {isa = PBXFileReference; lastKnownFileType = file; path = "SF-Mono-Semibold.otf"; sourceTree = "<group>"; };
		9348EE71241185CB0078C352 /* SF-Mono-Medium.otf */ = {isa = PBXFileReference; lastKnownFileType = file; path = "SF-Mono-Medium.otf"; sourceTree = "<group>"; };
		9348EE72241185CB0078C352 /* SF-Mono-LightItalic.otf */ = {isa = PBXFileReference; lastKnownFileType = file; path = "SF-Mono-LightItalic.otf"; sourceTree = "<group>"; };
		9348EE73241185CB0078C352 /* SIL Open Font License.txt */ = {isa = PBXFileReference; lastKnownFileType = text; path = "SIL Open Font License.txt"; sourceTree = "<group>"; };
		9348EE74241185CB0078C352 /* SF-Mono-Light.otf */ = {isa = PBXFileReference; lastKnownFileType = file; path = "SF-Mono-Light.otf"; sourceTree = "<group>"; };
		9348EE75241185CC0078C352 /* SF-Mono-HeavyItalic.otf */ = {isa = PBXFileReference; lastKnownFileType = file; path = "SF-Mono-HeavyItalic.otf"; sourceTree = "<group>"; };
		9348EE76241185CC0078C352 /* SF-Mono-MediumItalic.otf */ = {isa = PBXFileReference; lastKnownFileType = file; path = "SF-Mono-MediumItalic.otf"; sourceTree = "<group>"; };
		9348EE77241185CC0078C352 /* SF-Mono-Regular.otf */ = {isa = PBXFileReference; lastKnownFileType = file; path = "SF-Mono-Regular.otf"; sourceTree = "<group>"; };
		9348EE78241185CC0078C352 /* SF-Mono-Bold.otf */ = {isa = PBXFileReference; lastKnownFileType = file; path = "SF-Mono-Bold.otf"; sourceTree = "<group>"; };
		936B146024119240007EA98F /* AllergenCard.xib */ = {isa = PBXFileReference; lastKnownFileType = file.xib; path = AllergenCard.xib; sourceTree = "<group>"; };
		936B1462241198BC007EA98F /* AllergenCardView.swift */ = {isa = PBXFileReference; lastKnownFileType = sourcecode.swift; path = AllergenCardView.swift; sourceTree = "<group>"; };
		936B146424119B32007EA98F /* AddAllergenButton.xib */ = {isa = PBXFileReference; lastKnownFileType = file.xib; path = AddAllergenButton.xib; sourceTree = "<group>"; };
		936B146624119BC5007EA98F /* AddAllergenButton.swift */ = {isa = PBXFileReference; lastKnownFileType = sourcecode.swift; path = AddAllergenButton.swift; sourceTree = "<group>"; };
		936B14682411C0AE007EA98F /* Apache License.txt */ = {isa = PBXFileReference; lastKnownFileType = text; path = "Apache License.txt"; sourceTree = "<group>"; };
		936B14692411C0AE007EA98F /* OpenSans-ExtraBold.ttf */ = {isa = PBXFileReference; lastKnownFileType = file; path = "OpenSans-ExtraBold.ttf"; sourceTree = "<group>"; };
		936B146A2411C0AE007EA98F /* OpenSans-ExtraBoldItalic.ttf */ = {isa = PBXFileReference; lastKnownFileType = file; path = "OpenSans-ExtraBoldItalic.ttf"; sourceTree = "<group>"; };
		936B146B2411C0AE007EA98F /* OpenSans-Italic.ttf */ = {isa = PBXFileReference; lastKnownFileType = file; path = "OpenSans-Italic.ttf"; sourceTree = "<group>"; };
		936B146C2411C0AF007EA98F /* OpenSans-Bold.ttf */ = {isa = PBXFileReference; lastKnownFileType = file; path = "OpenSans-Bold.ttf"; sourceTree = "<group>"; };
		936B146D2411C0AF007EA98F /* OpenSans-LightItalic.ttf */ = {isa = PBXFileReference; lastKnownFileType = file; path = "OpenSans-LightItalic.ttf"; sourceTree = "<group>"; };
		936B146E2411C0AF007EA98F /* OpenSans-Regular.ttf */ = {isa = PBXFileReference; lastKnownFileType = file; path = "OpenSans-Regular.ttf"; sourceTree = "<group>"; };
		936B146F2411C0AF007EA98F /* OpenSans-BoldItalic.ttf */ = {isa = PBXFileReference; lastKnownFileType = file; path = "OpenSans-BoldItalic.ttf"; sourceTree = "<group>"; };
		936B14702411C0AF007EA98F /* OpenSans-Semibold.ttf */ = {isa = PBXFileReference; lastKnownFileType = file; path = "OpenSans-Semibold.ttf"; sourceTree = "<group>"; };
		936B14712411C0AF007EA98F /* OpenSans-Light.ttf */ = {isa = PBXFileReference; lastKnownFileType = file; path = "OpenSans-Light.ttf"; sourceTree = "<group>"; };
		936B14722411C0AF007EA98F /* OpenSans-SemiboldItalic.ttf */ = {isa = PBXFileReference; lastKnownFileType = file; path = "OpenSans-SemiboldItalic.ttf"; sourceTree = "<group>"; };
		936B14732411C0BF007EA98F /* OleoScript-Regular.ttf */ = {isa = PBXFileReference; lastKnownFileType = file; path = "OleoScript-Regular.ttf"; sourceTree = "<group>"; };
		936B14742411C0BF007EA98F /* OleoScript-Bold.ttf */ = {isa = PBXFileReference; lastKnownFileType = file; path = "OleoScript-Bold.ttf"; sourceTree = "<group>"; };
		936B149D2411C9BF007EA98F /* AllergensVC.swift */ = {isa = PBXFileReference; lastKnownFileType = sourcecode.swift; path = AllergensVC.swift; sourceTree = "<group>"; };
		936B149F2412BD8F007EA98F /* InputAllergenVC.swift */ = {isa = PBXFileReference; lastKnownFileType = sourcecode.swift; path = InputAllergenVC.swift; sourceTree = "<group>"; };
		9379BDD4240D862F00540398 /* NutritionInfo.swift */ = {isa = PBXFileReference; lastKnownFileType = sourcecode.swift; path = NutritionInfo.swift; sourceTree = "<group>"; };
		93DB3AE82412ED32002620A9 /* AllergensDetectedVC.swift */ = {isa = PBXFileReference; lastKnownFileType = sourcecode.swift; path = AllergensDetectedVC.swift; sourceTree = "<group>"; };
/* End PBXFileReference section */

/* Begin PBXFrameworksBuildPhase section */
		4EAF4582221B1F5E006D6148 /* Frameworks */ = {
			isa = PBXFrameworksBuildPhase;
			buildActionMask = 2147483647;
			files = (
			);
			runOnlyForDeploymentPostprocessing = 0;
		};
		4EAF4596221B1F61006D6148 /* Frameworks */ = {
			isa = PBXFrameworksBuildPhase;
			buildActionMask = 2147483647;
			files = (
			);
			runOnlyForDeploymentPostprocessing = 0;
		};
		4EAF45A1221B1F62006D6148 /* Frameworks */ = {
			isa = PBXFrameworksBuildPhase;
			buildActionMask = 2147483647;
			files = (
			);
			runOnlyForDeploymentPostprocessing = 0;
		};
/* End PBXFrameworksBuildPhase section */

/* Begin PBXGroup section */
		4EAF457C221B1F5E006D6148 = {
			isa = PBXGroup;
			children = (
				4EAF4587221B1F5E006D6148 /* Lychee */,
				4EAF459C221B1F61006D6148 /* LycheeTests */,
				4EAF45A7221B1F62006D6148 /* LycheeUITests */,
				4EAF4586221B1F5E006D6148 /* Products */,
			);
			sourceTree = "<group>";
		};
		4EAF4586221B1F5E006D6148 /* Products */ = {
			isa = PBXGroup;
			children = (
				4EAF4585221B1F5E006D6148 /* Lychee.app */,
				4EAF4599221B1F61006D6148 /* LycheeTests.xctest */,
				4EAF45A4221B1F62006D6148 /* LycheeUITests.xctest */,
			);
			name = Products;
			sourceTree = "<group>";
		};
		4EAF4587221B1F5E006D6148 /* Lychee */ = {
			isa = PBXGroup;
			children = (
				4EAF4588221B1F5E006D6148 /* AppDelegate.swift */,
				4EAF458A221B1F5E006D6148 /* WelcomeVC.swift */,
				936B149D2411C9BF007EA98F /* AllergensVC.swift */,
				936B149F2412BD8F007EA98F /* InputAllergenVC.swift */,
				4EAF45B6221B2204006D6148 /* ScannerVC.swift */,
				93DB3AE82412ED32002620A9 /* AllergensDetectedVC.swift */,
				4EAF45B8221B22BB006D6148 /* Helper.swift */,
				9379BDD4240D862F00540398 /* NutritionInfo.swift */,
				4EAF45BC221CB88B006D6148 /* UserData.swift */,
				4EAF458C221B1F5F006D6148 /* Main.storyboard */,
				936B146424119B32007EA98F /* AddAllergenButton.xib */,
				936B146624119BC5007EA98F /* AddAllergenButton.swift */,
				936B146024119240007EA98F /* AllergenCard.xib */,
				936B1462241198BC007EA98F /* AllergenCardView.swift */,
				4EAF4591221B1F61006D6148 /* LaunchScreen.storyboard */,
				4EAF458F221B1F61006D6148 /* Assets.xcassets */,
				4EAF4594221B1F61006D6148 /* Info.plist */,
				934764B7240493EA00D655A6 /* Fonts */,
			);
			path = Lychee;
			sourceTree = "<group>";
		};
		4EAF459C221B1F61006D6148 /* LycheeTests */ = {
			isa = PBXGroup;
			children = (
				4EAF459D221B1F61006D6148 /* LycheeTests.swift */,
				4EAF459F221B1F61006D6148 /* Info.plist */,
			);
			path = LycheeTests;
			sourceTree = "<group>";
		};
		4EAF45A7221B1F62006D6148 /* LycheeUITests */ = {
			isa = PBXGroup;
			children = (
				4EAF45A8221B1F62006D6148 /* LycheeUITests.swift */,
				4EAF45AA221B1F62006D6148 /* Info.plist */,
			);
			path = LycheeUITests;
			sourceTree = "<group>";
		};
		934764B7240493EA00D655A6 /* Fonts */ = {
			isa = PBXGroup;
			children = (
				936B14752411C0CD007EA98F /* OpenSans */,
				9348EE79241185D50078C352 /* SF-Mono */,
				936B14942411C0E4007EA98F /* OleoScript */,
			);
			path = Fonts;
			sourceTree = "<group>";
		};
		9348EE79241185D50078C352 /* SF-Mono */ = {
			isa = PBXGroup;
			children = (
				9348EE78241185CC0078C352 /* SF-Mono-Bold.otf */,
				9348EE6E241185CB0078C352 /* SF-Mono-BoldItalic.otf */,
				9348EE6D241185CB0078C352 /* SF-Mono-Heavy.otf */,
				9348EE75241185CC0078C352 /* SF-Mono-HeavyItalic.otf */,
				9348EE74241185CB0078C352 /* SF-Mono-Light.otf */,
				9348EE72241185CB0078C352 /* SF-Mono-LightItalic.otf */,
				9348EE71241185CB0078C352 /* SF-Mono-Medium.otf */,
				9348EE76241185CC0078C352 /* SF-Mono-MediumItalic.otf */,
				9348EE77241185CC0078C352 /* SF-Mono-Regular.otf */,
				9348EE6C241185CB0078C352 /* SF-Mono-RegularItalic.otf */,
				9348EE70241185CB0078C352 /* SF-Mono-Semibold.otf */,
				9348EE6F241185CB0078C352 /* SF-Mono-SemiboldItalic.otf */,
				9348EE73241185CB0078C352 /* SIL Open Font License.txt */,
			);
			path = "SF-Mono";
			sourceTree = "<group>";
		};
		936B14752411C0CD007EA98F /* OpenSans */ = {
			isa = PBXGroup;
			children = (
				936B14682411C0AE007EA98F /* Apache License.txt */,
				936B146C2411C0AF007EA98F /* OpenSans-Bold.ttf */,
				936B146F2411C0AF007EA98F /* OpenSans-BoldItalic.ttf */,
				936B14692411C0AE007EA98F /* OpenSans-ExtraBold.ttf */,
				936B146A2411C0AE007EA98F /* OpenSans-ExtraBoldItalic.ttf */,
				936B146B2411C0AE007EA98F /* OpenSans-Italic.ttf */,
				936B14712411C0AF007EA98F /* OpenSans-Light.ttf */,
				936B146D2411C0AF007EA98F /* OpenSans-LightItalic.ttf */,
				936B146E2411C0AF007EA98F /* OpenSans-Regular.ttf */,
				936B14702411C0AF007EA98F /* OpenSans-Semibold.ttf */,
				936B14722411C0AF007EA98F /* OpenSans-SemiboldItalic.ttf */,
			);
			path = OpenSans;
			sourceTree = "<group>";
		};
		936B14942411C0E4007EA98F /* OleoScript */ = {
			isa = PBXGroup;
			children = (
				936B14742411C0BF007EA98F /* OleoScript-Bold.ttf */,
				936B14732411C0BF007EA98F /* OleoScript-Regular.ttf */,
			);
			path = OleoScript;
			sourceTree = "<group>";
		};
/* End PBXGroup section */

/* Begin PBXNativeTarget section */
		4EAF4584221B1F5E006D6148 /* Lychee */ = {
			isa = PBXNativeTarget;
			buildConfigurationList = 4EAF45AD221B1F62006D6148 /* Build configuration list for PBXNativeTarget "Lychee" */;
			buildPhases = (
				4EAF4581221B1F5E006D6148 /* Sources */,
				4EAF4582221B1F5E006D6148 /* Frameworks */,
				4EAF4583221B1F5E006D6148 /* Resources */,
			);
			buildRules = (
			);
			dependencies = (
			);
			name = Lychee;
			productName = Lychee;
			productReference = 4EAF4585221B1F5E006D6148 /* Lychee.app */;
			productType = "com.apple.product-type.application";
		};
		4EAF4598221B1F61006D6148 /* LycheeTests */ = {
			isa = PBXNativeTarget;
			buildConfigurationList = 4EAF45B0221B1F62006D6148 /* Build configuration list for PBXNativeTarget "LycheeTests" */;
			buildPhases = (
				4EAF4595221B1F61006D6148 /* Sources */,
				4EAF4596221B1F61006D6148 /* Frameworks */,
				4EAF4597221B1F61006D6148 /* Resources */,
			);
			buildRules = (
			);
			dependencies = (
				4EAF459B221B1F61006D6148 /* PBXTargetDependency */,
			);
			name = LycheeTests;
			productName = LycheeTests;
			productReference = 4EAF4599221B1F61006D6148 /* LycheeTests.xctest */;
			productType = "com.apple.product-type.bundle.unit-test";
		};
		4EAF45A3221B1F62006D6148 /* LycheeUITests */ = {
			isa = PBXNativeTarget;
			buildConfigurationList = 4EAF45B3221B1F62006D6148 /* Build configuration list for PBXNativeTarget "LycheeUITests" */;
			buildPhases = (
				4EAF45A0221B1F62006D6148 /* Sources */,
				4EAF45A1221B1F62006D6148 /* Frameworks */,
				4EAF45A2221B1F62006D6148 /* Resources */,
			);
			buildRules = (
			);
			dependencies = (
				4EAF45A6221B1F62006D6148 /* PBXTargetDependency */,
			);
			name = LycheeUITests;
			productName = LycheeUITests;
			productReference = 4EAF45A4221B1F62006D6148 /* LycheeUITests.xctest */;
			productType = "com.apple.product-type.bundle.ui-testing";
		};
/* End PBXNativeTarget section */

/* Begin PBXProject section */
		4EAF457D221B1F5E006D6148 /* Project object */ = {
			isa = PBXProject;
			attributes = {
				LastSwiftUpdateCheck = 1010;
				LastUpgradeCheck = 1010;
				ORGANIZATIONNAME = "Divya K";
				TargetAttributes = {
					4EAF4584221B1F5E006D6148 = {
						CreatedOnToolsVersion = 10.1;
					};
					4EAF4598221B1F61006D6148 = {
						CreatedOnToolsVersion = 10.1;
						TestTargetID = 4EAF4584221B1F5E006D6148;
					};
					4EAF45A3221B1F62006D6148 = {
						CreatedOnToolsVersion = 10.1;
						TestTargetID = 4EAF4584221B1F5E006D6148;
					};
				};
			};
			buildConfigurationList = 4EAF4580221B1F5E006D6148 /* Build configuration list for PBXProject "Lychee" */;
			compatibilityVersion = "Xcode 9.3";
			developmentRegion = en;
			hasScannedForEncodings = 0;
			knownRegions = (
				en,
				Base,
			);
			mainGroup = 4EAF457C221B1F5E006D6148;
			productRefGroup = 4EAF4586221B1F5E006D6148 /* Products */;
			projectDirPath = "";
			projectRoot = "";
			targets = (
				4EAF4584221B1F5E006D6148 /* Lychee */,
				4EAF4598221B1F61006D6148 /* LycheeTests */,
				4EAF45A3221B1F62006D6148 /* LycheeUITests */,
			);
		};
/* End PBXProject section */

/* Begin PBXResourcesBuildPhase section */
		4EAF4583221B1F5E006D6148 /* Resources */ = {
			isa = PBXResourcesBuildPhase;
			buildActionMask = 2147483647;
			files = (
				4EAF4593221B1F61006D6148 /* LaunchScreen.storyboard in Resources */,
				936B14952411C0EC007EA98F /* OleoScript-Bold.ttf in Resources */,
				936B147F2411C0DB007EA98F /* OpenSans-SemiboldItalic.ttf in Resources */,
				936B14792411C0DB007EA98F /* OpenSans-ExtraBoldItalic.ttf in Resources */,
				936B147C2411C0DB007EA98F /* OpenSans-LightItalic.ttf in Resources */,
				4EAF4590221B1F61006D6148 /* Assets.xcassets in Resources */,
				936B147A2411C0DB007EA98F /* OpenSans-Italic.ttf in Resources */,
				936B14762411C0DB007EA98F /* OpenSans-Bold.ttf in Resources */,
				936B14782411C0DB007EA98F /* OpenSans-ExtraBold.ttf in Resources */,
				936B14772411C0DB007EA98F /* OpenSans-BoldItalic.ttf in Resources */,
				4EAF458E221B1F5F006D6148 /* Main.storyboard in Resources */,
				936B146524119B32007EA98F /* AddAllergenButton.xib in Resources */,
				936B147B2411C0DB007EA98F /* OpenSans-Light.ttf in Resources */,
				936B147D2411C0DB007EA98F /* OpenSans-Regular.ttf in Resources */,
				936B14962411C0EC007EA98F /* OleoScript-Regular.ttf in Resources */,
				936B147E2411C0DB007EA98F /* OpenSans-Semibold.ttf in Resources */,
				936B146124119240007EA98F /* AllergenCard.xib in Resources */,
			);
			runOnlyForDeploymentPostprocessing = 0;
		};
		4EAF4597221B1F61006D6148 /* Resources */ = {
			isa = PBXResourcesBuildPhase;
			buildActionMask = 2147483647;
			files = (
				936B14852411C0DC007EA98F /* OpenSans-Light.ttf in Resources */,
				936B14812411C0DC007EA98F /* OpenSans-BoldItalic.ttf in Resources */,
				936B14862411C0DC007EA98F /* OpenSans-LightItalic.ttf in Resources */,
				936B14882411C0DC007EA98F /* OpenSans-Semibold.ttf in Resources */,
				936B14802411C0DC007EA98F /* OpenSans-Bold.ttf in Resources */,
				936B149A2411C0EE007EA98F /* OleoScript-Regular.ttf in Resources */,
				936B14822411C0DC007EA98F /* OpenSans-ExtraBold.ttf in Resources */,
				936B14892411C0DC007EA98F /* OpenSans-SemiboldItalic.ttf in Resources */,
				936B14842411C0DC007EA98F /* OpenSans-Italic.ttf in Resources */,
				936B14872411C0DC007EA98F /* OpenSans-Regular.ttf in Resources */,
				936B14832411C0DC007EA98F /* OpenSans-ExtraBoldItalic.ttf in Resources */,
				936B14992411C0EE007EA98F /* OleoScript-Bold.ttf in Resources */,
			);
			runOnlyForDeploymentPostprocessing = 0;
		};
		4EAF45A2221B1F62006D6148 /* Resources */ = {
			isa = PBXResourcesBuildPhase;
			buildActionMask = 2147483647;
			files = (
				936B148F2411C0DC007EA98F /* OpenSans-Light.ttf in Resources */,
				936B148B2411C0DC007EA98F /* OpenSans-BoldItalic.ttf in Resources */,
				936B14902411C0DC007EA98F /* OpenSans-LightItalic.ttf in Resources */,
				936B14922411C0DC007EA98F /* OpenSans-Semibold.ttf in Resources */,
				936B148A2411C0DC007EA98F /* OpenSans-Bold.ttf in Resources */,
				936B149C2411C0EE007EA98F /* OleoScript-Regular.ttf in Resources */,
				936B148C2411C0DC007EA98F /* OpenSans-ExtraBold.ttf in Resources */,
				936B14932411C0DC007EA98F /* OpenSans-SemiboldItalic.ttf in Resources */,
				936B148E2411C0DC007EA98F /* OpenSans-Italic.ttf in Resources */,
				936B14912411C0DC007EA98F /* OpenSans-Regular.ttf in Resources */,
				936B148D2411C0DC007EA98F /* OpenSans-ExtraBoldItalic.ttf in Resources */,
				936B149B2411C0EE007EA98F /* OleoScript-Bold.ttf in Resources */,
			);
			runOnlyForDeploymentPostprocessing = 0;
		};
/* End PBXResourcesBuildPhase section */

/* Begin PBXSourcesBuildPhase section */
		4EAF4581221B1F5E006D6148 /* Sources */ = {
			isa = PBXSourcesBuildPhase;
			buildActionMask = 2147483647;
			files = (
				4EAF45B7221B2204006D6148 /* ScannerVC.swift in Sources */,
				936B149E2411C9BF007EA98F /* AllergensVC.swift in Sources */,
				4EAF45BD221CB88B006D6148 /* UserData.swift in Sources */,
				4EAF458B221B1F5E006D6148 /* WelcomeVC.swift in Sources */,
				9379BDD5240D862F00540398 /* NutritionInfo.swift in Sources */,
				4EAF4589221B1F5E006D6148 /* AppDelegate.swift in Sources */,
				4EAF45B9221B22BB006D6148 /* Helper.swift in Sources */,
				936B1463241198BC007EA98F /* AllergenCardView.swift in Sources */,
				936B146724119BC5007EA98F /* AddAllergenButton.swift in Sources */,
				936B14A02412BD8F007EA98F /* InputAllergenVC.swift in Sources */,
				93DB3AE92412ED32002620A9 /* AllergensDetectedVC.swift in Sources */,
			);
			runOnlyForDeploymentPostprocessing = 0;
		};
		4EAF4595221B1F61006D6148 /* Sources */ = {
			isa = PBXSourcesBuildPhase;
			buildActionMask = 2147483647;
			files = (
				4EAF459E221B1F61006D6148 /* LycheeTests.swift in Sources */,
			);
			runOnlyForDeploymentPostprocessing = 0;
		};
		4EAF45A0221B1F62006D6148 /* Sources */ = {
			isa = PBXSourcesBuildPhase;
			buildActionMask = 2147483647;
			files = (
				4EAF45A9221B1F62006D6148 /* LycheeUITests.swift in Sources */,
			);
			runOnlyForDeploymentPostprocessing = 0;
		};
/* End PBXSourcesBuildPhase section */

/* Begin PBXTargetDependency section */
		4EAF459B221B1F61006D6148 /* PBXTargetDependency */ = {
			isa = PBXTargetDependency;
			target = 4EAF4584221B1F5E006D6148 /* Lychee */;
			targetProxy = 4EAF459A221B1F61006D6148 /* PBXContainerItemProxy */;
		};
		4EAF45A6221B1F62006D6148 /* PBXTargetDependency */ = {
			isa = PBXTargetDependency;
			target = 4EAF4584221B1F5E006D6148 /* Lychee */;
			targetProxy = 4EAF45A5221B1F62006D6148 /* PBXContainerItemProxy */;
		};
/* End PBXTargetDependency section */

/* Begin PBXVariantGroup section */
		4EAF458C221B1F5F006D6148 /* Main.storyboard */ = {
			isa = PBXVariantGroup;
			children = (
				4EAF458D221B1F5F006D6148 /* Base */,
			);
			name = Main.storyboard;
			sourceTree = "<group>";
		};
		4EAF4591221B1F61006D6148 /* LaunchScreen.storyboard */ = {
			isa = PBXVariantGroup;
			children = (
				4EAF4592221B1F61006D6148 /* Base */,
			);
			name = LaunchScreen.storyboard;
			sourceTree = "<group>";
		};
/* End PBXVariantGroup section */

/* Begin XCBuildConfiguration section */
		4EAF45AB221B1F62006D6148 /* Debug */ = {
			isa = XCBuildConfiguration;
			buildSettings = {
				ALWAYS_SEARCH_USER_PATHS = NO;
				CLANG_ANALYZER_NONNULL = YES;
				CLANG_ANALYZER_NUMBER_OBJECT_CONVERSION = YES_AGGRESSIVE;
				CLANG_CXX_LANGUAGE_STANDARD = "gnu++14";
				CLANG_CXX_LIBRARY = "libc++";
				CLANG_ENABLE_MODULES = YES;
				CLANG_ENABLE_OBJC_ARC = YES;
				CLANG_ENABLE_OBJC_WEAK = YES;
				CLANG_WARN_BLOCK_CAPTURE_AUTORELEASING = YES;
				CLANG_WARN_BOOL_CONVERSION = YES;
				CLANG_WARN_COMMA = YES;
				CLANG_WARN_CONSTANT_CONVERSION = YES;
				CLANG_WARN_DEPRECATED_OBJC_IMPLEMENTATIONS = YES;
				CLANG_WARN_DIRECT_OBJC_ISA_USAGE = YES_ERROR;
				CLANG_WARN_DOCUMENTATION_COMMENTS = YES;
				CLANG_WARN_EMPTY_BODY = YES;
				CLANG_WARN_ENUM_CONVERSION = YES;
				CLANG_WARN_INFINITE_RECURSION = YES;
				CLANG_WARN_INT_CONVERSION = YES;
				CLANG_WARN_NON_LITERAL_NULL_CONVERSION = YES;
				CLANG_WARN_OBJC_IMPLICIT_RETAIN_SELF = YES;
				CLANG_WARN_OBJC_LITERAL_CONVERSION = YES;
				CLANG_WARN_OBJC_ROOT_CLASS = YES_ERROR;
				CLANG_WARN_RANGE_LOOP_ANALYSIS = YES;
				CLANG_WARN_STRICT_PROTOTYPES = YES;
				CLANG_WARN_SUSPICIOUS_MOVE = YES;
				CLANG_WARN_UNGUARDED_AVAILABILITY = YES_AGGRESSIVE;
				CLANG_WARN_UNREACHABLE_CODE = YES;
				CLANG_WARN__DUPLICATE_METHOD_MATCH = YES;
				CODE_SIGN_IDENTITY = "iPhone Developer";
				COPY_PHASE_STRIP = NO;
				DEBUG_INFORMATION_FORMAT = dwarf;
				ENABLE_STRICT_OBJC_MSGSEND = YES;
				ENABLE_TESTABILITY = YES;
				GCC_C_LANGUAGE_STANDARD = gnu11;
				GCC_DYNAMIC_NO_PIC = NO;
				GCC_NO_COMMON_BLOCKS = YES;
				GCC_OPTIMIZATION_LEVEL = 0;
				GCC_PREPROCESSOR_DEFINITIONS = (
					"DEBUG=1",
					"$(inherited)",
				);
				GCC_WARN_64_TO_32_BIT_CONVERSION = YES;
				GCC_WARN_ABOUT_RETURN_TYPE = YES_ERROR;
				GCC_WARN_UNDECLARED_SELECTOR = YES;
				GCC_WARN_UNINITIALIZED_AUTOS = YES_AGGRESSIVE;
				GCC_WARN_UNUSED_FUNCTION = YES;
				GCC_WARN_UNUSED_VARIABLE = YES;
				IPHONEOS_DEPLOYMENT_TARGET = 12.1;
				MTL_ENABLE_DEBUG_INFO = INCLUDE_SOURCE;
				MTL_FAST_MATH = YES;
				ONLY_ACTIVE_ARCH = YES;
				SDKROOT = iphoneos;
				SWIFT_ACTIVE_COMPILATION_CONDITIONS = DEBUG;
				SWIFT_OPTIMIZATION_LEVEL = "-Onone";
			};
			name = Debug;
		};
		4EAF45AC221B1F62006D6148 /* Release */ = {
			isa = XCBuildConfiguration;
			buildSettings = {
				ALWAYS_SEARCH_USER_PATHS = NO;
				CLANG_ANALYZER_NONNULL = YES;
				CLANG_ANALYZER_NUMBER_OBJECT_CONVERSION = YES_AGGRESSIVE;
				CLANG_CXX_LANGUAGE_STANDARD = "gnu++14";
				CLANG_CXX_LIBRARY = "libc++";
				CLANG_ENABLE_MODULES = YES;
				CLANG_ENABLE_OBJC_ARC = YES;
				CLANG_ENABLE_OBJC_WEAK = YES;
				CLANG_WARN_BLOCK_CAPTURE_AUTORELEASING = YES;
				CLANG_WARN_BOOL_CONVERSION = YES;
				CLANG_WARN_COMMA = YES;
				CLANG_WARN_CONSTANT_CONVERSION = YES;
				CLANG_WARN_DEPRECATED_OBJC_IMPLEMENTATIONS = YES;
				CLANG_WARN_DIRECT_OBJC_ISA_USAGE = YES_ERROR;
				CLANG_WARN_DOCUMENTATION_COMMENTS = YES;
				CLANG_WARN_EMPTY_BODY = YES;
				CLANG_WARN_ENUM_CONVERSION = YES;
				CLANG_WARN_INFINITE_RECURSION = YES;
				CLANG_WARN_INT_CONVERSION = YES;
				CLANG_WARN_NON_LITERAL_NULL_CONVERSION = YES;
				CLANG_WARN_OBJC_IMPLICIT_RETAIN_SELF = YES;
				CLANG_WARN_OBJC_LITERAL_CONVERSION = YES;
				CLANG_WARN_OBJC_ROOT_CLASS = YES_ERROR;
				CLANG_WARN_RANGE_LOOP_ANALYSIS = YES;
				CLANG_WARN_STRICT_PROTOTYPES = YES;
				CLANG_WARN_SUSPICIOUS_MOVE = YES;
				CLANG_WARN_UNGUARDED_AVAILABILITY = YES_AGGRESSIVE;
				CLANG_WARN_UNREACHABLE_CODE = YES;
				CLANG_WARN__DUPLICATE_METHOD_MATCH = YES;
				CODE_SIGN_IDENTITY = "iPhone Developer";
				COPY_PHASE_STRIP = NO;
				DEBUG_INFORMATION_FORMAT = "dwarf-with-dsym";
				ENABLE_NS_ASSERTIONS = NO;
				ENABLE_STRICT_OBJC_MSGSEND = YES;
				GCC_C_LANGUAGE_STANDARD = gnu11;
				GCC_NO_COMMON_BLOCKS = YES;
				GCC_WARN_64_TO_32_BIT_CONVERSION = YES;
				GCC_WARN_ABOUT_RETURN_TYPE = YES_ERROR;
				GCC_WARN_UNDECLARED_SELECTOR = YES;
				GCC_WARN_UNINITIALIZED_AUTOS = YES_AGGRESSIVE;
				GCC_WARN_UNUSED_FUNCTION = YES;
				GCC_WARN_UNUSED_VARIABLE = YES;
				IPHONEOS_DEPLOYMENT_TARGET = 12.1;
				MTL_ENABLE_DEBUG_INFO = NO;
				MTL_FAST_MATH = YES;
				SDKROOT = iphoneos;
				SWIFT_COMPILATION_MODE = wholemodule;
				SWIFT_OPTIMIZATION_LEVEL = "-O";
				VALIDATE_PRODUCT = YES;
			};
			name = Release;
		};
		4EAF45AE221B1F62006D6148 /* Debug */ = {
			isa = XCBuildConfiguration;
			buildSettings = {
				ASSETCATALOG_COMPILER_APPICON_NAME = AppIcon;
				CODE_SIGN_STYLE = Automatic;
				DEVELOPMENT_TEAM = 294WP28D94;
				INFOPLIST_FILE = Lychee/Info.plist;
				LD_RUNPATH_SEARCH_PATHS = (
					"$(inherited)",
					"@executable_path/Frameworks",
				);
				PRODUCT_BUNDLE_IDENTIFIER = divyak.Lychee;
				PRODUCT_NAME = "$(TARGET_NAME)";
				SWIFT_VERSION = 4.2;
				TARGETED_DEVICE_FAMILY = "1,2";
			};
			name = Debug;
		};
		4EAF45AF221B1F62006D6148 /* Release */ = {
			isa = XCBuildConfiguration;
			buildSettings = {
				ASSETCATALOG_COMPILER_APPICON_NAME = AppIcon;
				CODE_SIGN_STYLE = Automatic;
				DEVELOPMENT_TEAM = 294WP28D94;
				INFOPLIST_FILE = Lychee/Info.plist;
				LD_RUNPATH_SEARCH_PATHS = (
					"$(inherited)",
					"@executable_path/Frameworks",
				);
				PRODUCT_BUNDLE_IDENTIFIER = divyak.Lychee;
				PRODUCT_NAME = "$(TARGET_NAME)";
				SWIFT_VERSION = 4.2;
				TARGETED_DEVICE_FAMILY = "1,2";
			};
			name = Release;
		};
		4EAF45B1221B1F62006D6148 /* Debug */ = {
			isa = XCBuildConfiguration;
			buildSettings = {
				ALWAYS_EMBED_SWIFT_STANDARD_LIBRARIES = YES;
				BUNDLE_LOADER = "$(TEST_HOST)";
				CODE_SIGN_STYLE = Automatic;
				INFOPLIST_FILE = LycheeTests/Info.plist;
				LD_RUNPATH_SEARCH_PATHS = (
					"$(inherited)",
					"@executable_path/Frameworks",
					"@loader_path/Frameworks",
				);
				PRODUCT_BUNDLE_IDENTIFIER = divyak.LycheeTests;
				PRODUCT_NAME = "$(TARGET_NAME)";
				SWIFT_VERSION = 4.2;
				TARGETED_DEVICE_FAMILY = "1,2";
				TEST_HOST = "$(BUILT_PRODUCTS_DIR)/Lychee.app/Lychee";
			};
			name = Debug;
		};
		4EAF45B2221B1F62006D6148 /* Release */ = {
			isa = XCBuildConfiguration;
			buildSettings = {
				ALWAYS_EMBED_SWIFT_STANDARD_LIBRARIES = YES;
				BUNDLE_LOADER = "$(TEST_HOST)";
				CODE_SIGN_STYLE = Automatic;
				INFOPLIST_FILE = LycheeTests/Info.plist;
				LD_RUNPATH_SEARCH_PATHS = (
					"$(inherited)",
					"@executable_path/Frameworks",
					"@loader_path/Frameworks",
				);
				PRODUCT_BUNDLE_IDENTIFIER = divyak.LycheeTests;
				PRODUCT_NAME = "$(TARGET_NAME)";
				SWIFT_VERSION = 4.2;
				TARGETED_DEVICE_FAMILY = "1,2";
				TEST_HOST = "$(BUILT_PRODUCTS_DIR)/Lychee.app/Lychee";
			};
			name = Release;
		};
		4EAF45B4221B1F62006D6148 /* Debug */ = {
			isa = XCBuildConfiguration;
			buildSettings = {
				ALWAYS_EMBED_SWIFT_STANDARD_LIBRARIES = YES;
				CODE_SIGN_STYLE = Automatic;
				INFOPLIST_FILE = LycheeUITests/Info.plist;
				LD_RUNPATH_SEARCH_PATHS = (
					"$(inherited)",
					"@executable_path/Frameworks",
					"@loader_path/Frameworks",
				);
				PRODUCT_BUNDLE_IDENTIFIER = divyak.LycheeUITests;
				PRODUCT_NAME = "$(TARGET_NAME)";
				SWIFT_VERSION = 4.2;
				TARGETED_DEVICE_FAMILY = "1,2";
				TEST_TARGET_NAME = Lychee;
			};
			name = Debug;
		};
		4EAF45B5221B1F62006D6148 /* Release */ = {
			isa = XCBuildConfiguration;
			buildSettings = {
				ALWAYS_EMBED_SWIFT_STANDARD_LIBRARIES = YES;
				CODE_SIGN_STYLE = Automatic;
				INFOPLIST_FILE = LycheeUITests/Info.plist;
				LD_RUNPATH_SEARCH_PATHS = (
					"$(inherited)",
					"@executable_path/Frameworks",
					"@loader_path/Frameworks",
				);
				PRODUCT_BUNDLE_IDENTIFIER = divyak.LycheeUITests;
				PRODUCT_NAME = "$(TARGET_NAME)";
				SWIFT_VERSION = 4.2;
				TARGETED_DEVICE_FAMILY = "1,2";
				TEST_TARGET_NAME = Lychee;
			};
			name = Release;
		};
/* End XCBuildConfiguration section */

/* Begin XCConfigurationList section */
		4EAF4580221B1F5E006D6148 /* Build configuration list for PBXProject "Lychee" */ = {
			isa = XCConfigurationList;
			buildConfigurations = (
				4EAF45AB221B1F62006D6148 /* Debug */,
				4EAF45AC221B1F62006D6148 /* Release */,
			);
			defaultConfigurationIsVisible = 0;
			defaultConfigurationName = Release;
		};
		4EAF45AD221B1F62006D6148 /* Build configuration list for PBXNativeTarget "Lychee" */ = {
			isa = XCConfigurationList;
			buildConfigurations = (
				4EAF45AE221B1F62006D6148 /* Debug */,
				4EAF45AF221B1F62006D6148 /* Release */,
			);
			defaultConfigurationIsVisible = 0;
			defaultConfigurationName = Release;
		};
		4EAF45B0221B1F62006D6148 /* Build configuration list for PBXNativeTarget "LycheeTests" */ = {
			isa = XCConfigurationList;
			buildConfigurations = (
				4EAF45B1221B1F62006D6148 /* Debug */,
				4EAF45B2221B1F62006D6148 /* Release */,
			);
			defaultConfigurationIsVisible = 0;
			defaultConfigurationName = Release;
		};
		4EAF45B3221B1F62006D6148 /* Build configuration list for PBXNativeTarget "LycheeUITests" */ = {
			isa = XCConfigurationList;
			buildConfigurations = (
				4EAF45B4221B1F62006D6148 /* Debug */,
				4EAF45B5221B1F62006D6148 /* Release */,
			);
			defaultConfigurationIsVisible = 0;
			defaultConfigurationName = Release;
		};
/* End XCConfigurationList section */
	};
	rootObject = 4EAF457D221B1F5E006D6148 /* Project object */;
}
