// !$*UTF8*$!
{
	archiveVersion = 1;
	classes = {
	};
	objectVersion = 50;
	objects = {

/* Begin PBXBuildFile section */
		4E19AEE7221CC08600423CA0 /* EditThemeVC.swift in Sources */ = {isa = PBXBuildFile; fileRef = 4E19AEE6221CC08600423CA0 /* EditThemeVC.swift */; };
		4E54E867224DB5ED003706EE /* ScanItemVC.swift in Sources */ = {isa = PBXBuildFile; fileRef = 4E54E866224DB5ED003706EE /* ScanItemVC.swift */; };
		4EAF4589221B1F5E006D6148 /* AppDelegate.swift in Sources */ = {isa = PBXBuildFile; fileRef = 4EAF4588221B1F5E006D6148 /* AppDelegate.swift */; };
		4EAF458B221B1F5E006D6148 /* WelcomeVC.swift in Sources */ = {isa = PBXBuildFile; fileRef = 4EAF458A221B1F5E006D6148 /* WelcomeVC.swift */; };
		4EAF458E221B1F5F006D6148 /* Main.storyboard in Resources */ = {isa = PBXBuildFile; fileRef = 4EAF458C221B1F5F006D6148 /* Main.storyboard */; };
		4EAF4590221B1F61006D6148 /* Assets.xcassets in Resources */ = {isa = PBXBuildFile; fileRef = 4EAF458F221B1F61006D6148 /* Assets.xcassets */; };
		4EAF4593221B1F61006D6148 /* LaunchScreen.storyboard in Resources */ = {isa = PBXBuildFile; fileRef = 4EAF4591221B1F61006D6148 /* LaunchScreen.storyboard */; };
		4EAF459E221B1F61006D6148 /* LycheeTests.swift in Sources */ = {isa = PBXBuildFile; fileRef = 4EAF459D221B1F61006D6148 /* LycheeTests.swift */; };
		4EAF45A9221B1F62006D6148 /* LycheeUITests.swift in Sources */ = {isa = PBXBuildFile; fileRef = 4EAF45A8221B1F62006D6148 /* LycheeUITests.swift */; };
		4EAF45B7221B2204006D6148 /* ScannerVC.swift in Sources */ = {isa = PBXBuildFile; fileRef = 4EAF45B6221B2204006D6148 /* ScannerVC.swift */; };
		4EAF45B9221B22BB006D6148 /* Helper.swift in Sources */ = {isa = PBXBuildFile; fileRef = 4EAF45B8221B22BB006D6148 /* Helper.swift */; };
		4EAF45BB221C942A006D6148 /* MyAllergensVC.swift in Sources */ = {isa = PBXBuildFile; fileRef = 4EAF45BA221C942A006D6148 /* MyAllergensVC.swift */; };
		4EAF45BD221CB88B006D6148 /* UserData.swift in Sources */ = {isa = PBXBuildFile; fileRef = 4EAF45BC221CB88B006D6148 /* UserData.swift */; };
		933A7CF6240504840094E34F /* SettingsVC.swift in Sources */ = {isa = PBXBuildFile; fileRef = 933A7CF5240504840094E34F /* SettingsVC.swift */; };
		9347649E2404933300D655A6 /* SF-Mono-Regular.otf in Resources */ = {isa = PBXBuildFile; fileRef = 9347649D2404933300D655A6 /* SF-Mono-Regular.otf */; };
		9347649F2404934D00D655A6 /* SF-Mono-Regular.otf in Resources */ = {isa = PBXBuildFile; fileRef = 9347649D2404933300D655A6 /* SF-Mono-Regular.otf */; };
		934764A02404934E00D655A6 /* SF-Mono-Regular.otf in Resources */ = {isa = PBXBuildFile; fileRef = 9347649D2404933300D655A6 /* SF-Mono-Regular.otf */; };
		934764AC240493E100D655A6 /* SF-Mono-Medium.otf in Resources */ = {isa = PBXBuildFile; fileRef = 934764A1240493DF00D655A6 /* SF-Mono-Medium.otf */; };
		934764AD240493E100D655A6 /* SF-Mono-Light.otf in Resources */ = {isa = PBXBuildFile; fileRef = 934764A2240493DF00D655A6 /* SF-Mono-Light.otf */; };
		934764AE240493E100D655A6 /* SF-Mono-BoldItalic.otf in Resources */ = {isa = PBXBuildFile; fileRef = 934764A3240493DF00D655A6 /* SF-Mono-BoldItalic.otf */; };
		934764AF240493E100D655A6 /* SF-Mono-SemiboldItalic.otf in Resources */ = {isa = PBXBuildFile; fileRef = 934764A4240493E000D655A6 /* SF-Mono-SemiboldItalic.otf */; };
		934764B0240493E100D655A6 /* SF-Mono-Bold.otf in Resources */ = {isa = PBXBuildFile; fileRef = 934764A5240493E000D655A6 /* SF-Mono-Bold.otf */; };
		934764B1240493E100D655A6 /* SF-Mono-LightItalic.otf in Resources */ = {isa = PBXBuildFile; fileRef = 934764A6240493E000D655A6 /* SF-Mono-LightItalic.otf */; };
		934764B2240493E100D655A6 /* SF-Mono-MediumItalic.otf in Resources */ = {isa = PBXBuildFile; fileRef = 934764A7240493E000D655A6 /* SF-Mono-MediumItalic.otf */; };
		934764B3240493E100D655A6 /* SF-Mono-HeavyItalic.otf in Resources */ = {isa = PBXBuildFile; fileRef = 934764A8240493E000D655A6 /* SF-Mono-HeavyItalic.otf */; };
		934764B4240493E100D655A6 /* SF-Mono-RegularItalic.otf in Resources */ = {isa = PBXBuildFile; fileRef = 934764A9240493E000D655A6 /* SF-Mono-RegularItalic.otf */; };
		934764B5240493E100D655A6 /* SF-Mono-Semibold.otf in Resources */ = {isa = PBXBuildFile; fileRef = 934764AA240493E000D655A6 /* SF-Mono-Semibold.otf */; };
		934764B6240493E100D655A6 /* SF-Mono-Heavy.otf in Resources */ = {isa = PBXBuildFile; fileRef = 934764AB240493E100D655A6 /* SF-Mono-Heavy.otf */; };
		934764B82404940000D655A6 /* SF-Mono-Bold.otf in Resources */ = {isa = PBXBuildFile; fileRef = 934764A5240493E000D655A6 /* SF-Mono-Bold.otf */; };
		934764B92404940000D655A6 /* SF-Mono-Bold.otf in Resources */ = {isa = PBXBuildFile; fileRef = 934764A5240493E000D655A6 /* SF-Mono-Bold.otf */; };
		934764BA2404940300D655A6 /* SF-Mono-BoldItalic.otf in Resources */ = {isa = PBXBuildFile; fileRef = 934764A3240493DF00D655A6 /* SF-Mono-BoldItalic.otf */; };
		934764BB2404940300D655A6 /* SF-Mono-Heavy.otf in Resources */ = {isa = PBXBuildFile; fileRef = 934764AB240493E100D655A6 /* SF-Mono-Heavy.otf */; };
		934764BC2404940300D655A6 /* SF-Mono-HeavyItalic.otf in Resources */ = {isa = PBXBuildFile; fileRef = 934764A8240493E000D655A6 /* SF-Mono-HeavyItalic.otf */; };
		934764BD2404940300D655A6 /* SF-Mono-Light.otf in Resources */ = {isa = PBXBuildFile; fileRef = 934764A2240493DF00D655A6 /* SF-Mono-Light.otf */; };
		934764BE2404940300D655A6 /* SF-Mono-LightItalic.otf in Resources */ = {isa = PBXBuildFile; fileRef = 934764A6240493E000D655A6 /* SF-Mono-LightItalic.otf */; };
		934764BF2404940300D655A6 /* SF-Mono-Medium.otf in Resources */ = {isa = PBXBuildFile; fileRef = 934764A1240493DF00D655A6 /* SF-Mono-Medium.otf */; };
		934764C02404940300D655A6 /* SF-Mono-MediumItalic.otf in Resources */ = {isa = PBXBuildFile; fileRef = 934764A7240493E000D655A6 /* SF-Mono-MediumItalic.otf */; };
		934764C12404940300D655A6 /* SF-Mono-RegularItalic.otf in Resources */ = {isa = PBXBuildFile; fileRef = 934764A9240493E000D655A6 /* SF-Mono-RegularItalic.otf */; };
		934764C22404940300D655A6 /* SF-Mono-Semibold.otf in Resources */ = {isa = PBXBuildFile; fileRef = 934764AA240493E000D655A6 /* SF-Mono-Semibold.otf */; };
		934764C32404940300D655A6 /* SF-Mono-SemiboldItalic.otf in Resources */ = {isa = PBXBuildFile; fileRef = 934764A4240493E000D655A6 /* SF-Mono-SemiboldItalic.otf */; };
		934764C42404940400D655A6 /* SF-Mono-BoldItalic.otf in Resources */ = {isa = PBXBuildFile; fileRef = 934764A3240493DF00D655A6 /* SF-Mono-BoldItalic.otf */; };
		934764C52404940400D655A6 /* SF-Mono-Heavy.otf in Resources */ = {isa = PBXBuildFile; fileRef = 934764AB240493E100D655A6 /* SF-Mono-Heavy.otf */; };
		934764C62404940400D655A6 /* SF-Mono-HeavyItalic.otf in Resources */ = {isa = PBXBuildFile; fileRef = 934764A8240493E000D655A6 /* SF-Mono-HeavyItalic.otf */; };
		934764C72404940400D655A6 /* SF-Mono-Light.otf in Resources */ = {isa = PBXBuildFile; fileRef = 934764A2240493DF00D655A6 /* SF-Mono-Light.otf */; };
		934764C82404940400D655A6 /* SF-Mono-LightItalic.otf in Resources */ = {isa = PBXBuildFile; fileRef = 934764A6240493E000D655A6 /* SF-Mono-LightItalic.otf */; };
		934764C92404940400D655A6 /* SF-Mono-Medium.otf in Resources */ = {isa = PBXBuildFile; fileRef = 934764A1240493DF00D655A6 /* SF-Mono-Medium.otf */; };
		934764CA2404940400D655A6 /* SF-Mono-MediumItalic.otf in Resources */ = {isa = PBXBuildFile; fileRef = 934764A7240493E000D655A6 /* SF-Mono-MediumItalic.otf */; };
		934764CB2404940400D655A6 /* SF-Mono-RegularItalic.otf in Resources */ = {isa = PBXBuildFile; fileRef = 934764A9240493E000D655A6 /* SF-Mono-RegularItalic.otf */; };
		934764CC2404940400D655A6 /* SF-Mono-Semibold.otf in Resources */ = {isa = PBXBuildFile; fileRef = 934764AA240493E000D655A6 /* SF-Mono-Semibold.otf */; };
		934764CD2404940400D655A6 /* SF-Mono-SemiboldItalic.otf in Resources */ = {isa = PBXBuildFile; fileRef = 934764A4240493E000D655A6 /* SF-Mono-SemiboldItalic.otf */; };
		9379BDD5240D862F00540398 /* NutritionInfo.swift in Sources */ = {isa = PBXBuildFile; fileRef = 9379BDD4240D862F00540398 /* NutritionInfo.swift */; };
/* End PBXBuildFile section */

/* Begin PBXContainerItemProxy section */
		4EAF459A221B1F61006D6148 /* PBXContainerItemProxy */ = {
			isa = PBXContainerItemProxy;
			containerPortal = 4EAF457D221B1F5E006D6148 /* Project object */;
			proxyType = 1;
			remoteGlobalIDString = 4EAF4584221B1F5E006D6148;
			remoteInfo = Lychee;
		};
		4EAF45A5221B1F62006D6148 /* PBXContainerItemProxy */ = {
			isa = PBXContainerItemProxy;
			containerPortal = 4EAF457D221B1F5E006D6148 /* Project object */;
			proxyType = 1;
			remoteGlobalIDString = 4EAF4584221B1F5E006D6148;
			remoteInfo = Lychee;
		};
/* End PBXContainerItemProxy section */

/* Begin PBXFileReference section */
		4E19AEE6221CC08600423CA0 /* EditThemeVC.swift */ = {isa = PBXFileReference; lastKnownFileType = sourcecode.swift; path = EditThemeVC.swift; sourceTree = "<group>"; };
		4E54E866224DB5ED003706EE /* ScanItemVC.swift */ = {isa = PBXFileReference; lastKnownFileType = sourcecode.swift; path = ScanItemVC.swift; sourceTree = "<group>"; };
		4EAF4585221B1F5E006D6148 /* Lychee.app */ = {isa = PBXFileReference; explicitFileType = wrapper.application; includeInIndex = 0; path = Lychee.app; sourceTree = BUILT_PRODUCTS_DIR; };
		4EAF4588221B1F5E006D6148 /* AppDelegate.swift */ = {isa = PBXFileReference; lastKnownFileType = sourcecode.swift; path = AppDelegate.swift; sourceTree = "<group>"; };
		4EAF458A221B1F5E006D6148 /* WelcomeVC.swift */ = {isa = PBXFileReference; lastKnownFileType = sourcecode.swift; path = WelcomeVC.swift; sourceTree = "<group>"; };
		4EAF458D221B1F5F006D6148 /* Base */ = {isa = PBXFileReference; lastKnownFileType = file.storyboard; name = Base; path = Base.lproj/Main.storyboard; sourceTree = "<group>"; };
		4EAF458F221B1F61006D6148 /* Assets.xcassets */ = {isa = PBXFileReference; lastKnownFileType = folder.assetcatalog; path = Assets.xcassets; sourceTree = "<group>"; };
		4EAF4592221B1F61006D6148 /* Base */ = {isa = PBXFileReference; lastKnownFileType = file.storyboard; name = Base; path = Base.lproj/LaunchScreen.storyboard; sourceTree = "<group>"; };
		4EAF4594221B1F61006D6148 /* Info.plist */ = {isa = PBXFileReference; lastKnownFileType = text.plist.xml; path = Info.plist; sourceTree = "<group>"; };
		4EAF4599221B1F61006D6148 /* LycheeTests.xctest */ = {isa = PBXFileReference; explicitFileType = wrapper.cfbundle; includeInIndex = 0; path = LycheeTests.xctest; sourceTree = BUILT_PRODUCTS_DIR; };
		4EAF459D221B1F61006D6148 /* LycheeTests.swift */ = {isa = PBXFileReference; lastKnownFileType = sourcecode.swift; path = LycheeTests.swift; sourceTree = "<group>"; };
		4EAF459F221B1F61006D6148 /* Info.plist */ = {isa = PBXFileReference; lastKnownFileType = text.plist.xml; path = Info.plist; sourceTree = "<group>"; };
		4EAF45A4221B1F62006D6148 /* LycheeUITests.xctest */ = {isa = PBXFileReference; explicitFileType = wrapper.cfbundle; includeInIndex = 0; path = LycheeUITests.xctest; sourceTree = BUILT_PRODUCTS_DIR; };
		4EAF45A8221B1F62006D6148 /* LycheeUITests.swift */ = {isa = PBXFileReference; lastKnownFileType = sourcecode.swift; path = LycheeUITests.swift; sourceTree = "<group>"; };
		4EAF45AA221B1F62006D6148 /* Info.plist */ = {isa = PBXFileReference; lastKnownFileType = text.plist.xml; path = Info.plist; sourceTree = "<group>"; };
		4EAF45B6221B2204006D6148 /* ScannerVC.swift */ = {isa = PBXFileReference; lastKnownFileType = sourcecode.swift; path = ScannerVC.swift; sourceTree = "<group>"; };
		4EAF45B8221B22BB006D6148 /* Helper.swift */ = {isa = PBXFileReference; lastKnownFileType = sourcecode.swift; path = Helper.swift; sourceTree = "<group>"; };
		4EAF45BA221C942A006D6148 /* MyAllergensVC.swift */ = {isa = PBXFileReference; lastKnownFileType = sourcecode.swift; path = MyAllergensVC.swift; sourceTree = "<group>"; };
		4EAF45BC221CB88B006D6148 /* UserData.swift */ = {isa = PBXFileReference; lastKnownFileType = sourcecode.swift; path = UserData.swift; sourceTree = "<group>"; };
		933A7CF5240504840094E34F /* SettingsVC.swift */ = {isa = PBXFileReference; lastKnownFileType = sourcecode.swift; path = SettingsVC.swift; sourceTree = "<group>"; };
		9347649D2404933300D655A6 /* SF-Mono-Regular.otf */ = {isa = PBXFileReference; lastKnownFileType = file; path = "SF-Mono-Regular.otf"; sourceTree = "<group>"; };
		934764A1240493DF00D655A6 /* SF-Mono-Medium.otf */ = {isa = PBXFileReference; lastKnownFileType = file; path = "SF-Mono-Medium.otf"; sourceTree = "<group>"; };
		934764A2240493DF00D655A6 /* SF-Mono-Light.otf */ = {isa = PBXFileReference; lastKnownFileType = file; path = "SF-Mono-Light.otf"; sourceTree = "<group>"; };
		934764A3240493DF00D655A6 /* SF-Mono-BoldItalic.otf */ = {isa = PBXFileReference; lastKnownFileType = file; path = "SF-Mono-BoldItalic.otf"; sourceTree = "<group>"; };
		934764A4240493E000D655A6 /* SF-Mono-SemiboldItalic.otf */ = {isa = PBXFileReference; lastKnownFileType = file; path = "SF-Mono-SemiboldItalic.otf"; sourceTree = "<group>"; };
		934764A5240493E000D655A6 /* SF-Mono-Bold.otf */ = {isa = PBXFileReference; lastKnownFileType = file; path = "SF-Mono-Bold.otf"; sourceTree = "<group>"; };
		934764A6240493E000D655A6 /* SF-Mono-LightItalic.otf */ = {isa = PBXFileReference; lastKnownFileType = file; path = "SF-Mono-LightItalic.otf"; sourceTree = "<group>"; };
		934764A7240493E000D655A6 /* SF-Mono-MediumItalic.otf */ = {isa = PBXFileReference; lastKnownFileType = file; path = "SF-Mono-MediumItalic.otf"; sourceTree = "<group>"; };
		934764A8240493E000D655A6 /* SF-Mono-HeavyItalic.otf */ = {isa = PBXFileReference; lastKnownFileType = file; path = "SF-Mono-HeavyItalic.otf"; sourceTree = "<group>"; };
		934764A9240493E000D655A6 /* SF-Mono-RegularItalic.otf */ = {isa = PBXFileReference; lastKnownFileType = file; path = "SF-Mono-RegularItalic.otf"; sourceTree = "<group>"; };
		934764AA240493E000D655A6 /* SF-Mono-Semibold.otf */ = {isa = PBXFileReference; lastKnownFileType = file; path = "SF-Mono-Semibold.otf"; sourceTree = "<group>"; };
		934764AB240493E100D655A6 /* SF-Mono-Heavy.otf */ = {isa = PBXFileReference; lastKnownFileType = file; path = "SF-Mono-Heavy.otf"; sourceTree = "<group>"; };
		9379BDD4240D862F00540398 /* NutritionInfo.swift */ = {isa = PBXFileReference; lastKnownFileType = sourcecode.swift; path = NutritionInfo.swift; sourceTree = "<group>"; };
/* End PBXFileReference section */

/* Begin PBXFrameworksBuildPhase section */
		4EAF4582221B1F5E006D6148 /* Frameworks */ = {
			isa = PBXFrameworksBuildPhase;
			buildActionMask = 2147483647;
			files = (
			);
			runOnlyForDeploymentPostprocessing = 0;
		};
		4EAF4596221B1F61006D6148 /* Frameworks */ = {
			isa = PBXFrameworksBuildPhase;
			buildActionMask = 2147483647;
			files = (
			);
			runOnlyForDeploymentPostprocessing = 0;
		};
		4EAF45A1221B1F62006D6148 /* Frameworks */ = {
			isa = PBXFrameworksBuildPhase;
			buildActionMask = 2147483647;
			files = (
			);
			runOnlyForDeploymentPostprocessing = 0;
		};
/* End PBXFrameworksBuildPhase section */

/* Begin PBXGroup section */
		4EAF457C221B1F5E006D6148 = {
			isa = PBXGroup;
			children = (
				4EAF4587221B1F5E006D6148 /* Lychee */,
				4EAF459C221B1F61006D6148 /* LycheeTests */,
				4EAF45A7221B1F62006D6148 /* LycheeUITests */,
				4EAF4586221B1F5E006D6148 /* Products */,
			);
			sourceTree = "<group>";
		};
		4EAF4586221B1F5E006D6148 /* Products */ = {
			isa = PBXGroup;
			children = (
				4EAF4585221B1F5E006D6148 /* Lychee.app */,
				4EAF4599221B1F61006D6148 /* LycheeTests.xctest */,
				4EAF45A4221B1F62006D6148 /* LycheeUITests.xctest */,
			);
			name = Products;
			sourceTree = "<group>";
		};
		4EAF4587221B1F5E006D6148 /* Lychee */ = {
			isa = PBXGroup;
			children = (
				4EAF45BC221CB88B006D6148 /* UserData.swift */,
				4EAF4588221B1F5E006D6148 /* AppDelegate.swift */,
				4EAF458A221B1F5E006D6148 /* WelcomeVC.swift */,
				4EAF458C221B1F5F006D6148 /* Main.storyboard */,
				933A7CF5240504840094E34F /* SettingsVC.swift */,
				934764B7240493EA00D655A6 /* Fonts */,
				4E54E866224DB5ED003706EE /* ScanItemVC.swift */,
				4E19AEE6221CC08600423CA0 /* EditThemeVC.swift */,
				4EAF45BA221C942A006D6148 /* MyAllergensVC.swift */,
				4EAF45B6221B2204006D6148 /* ScannerVC.swift */,
				4EAF45B8221B22BB006D6148 /* Helper.swift */,
				4EAF458F221B1F61006D6148 /* Assets.xcassets */,
				4EAF4591221B1F61006D6148 /* LaunchScreen.storyboard */,
				4EAF4594221B1F61006D6148 /* Info.plist */,
				9379BDD4240D862F00540398 /* NutritionInfo.swift */,
			);
			path = Lychee;
			sourceTree = "<group>";
		};
		4EAF459C221B1F61006D6148 /* LycheeTests */ = {
			isa = PBXGroup;
			children = (
				4EAF459D221B1F61006D6148 /* LycheeTests.swift */,
				4EAF459F221B1F61006D6148 /* Info.plist */,
			);
			path = LycheeTests;
			sourceTree = "<group>";
		};
		4EAF45A7221B1F62006D6148 /* LycheeUITests */ = {
			isa = PBXGroup;
			children = (
				4EAF45A8221B1F62006D6148 /* LycheeUITests.swift */,
				4EAF45AA221B1F62006D6148 /* Info.plist */,
			);
			path = LycheeUITests;
			sourceTree = "<group>";
		};
		934764B7240493EA00D655A6 /* Fonts */ = {
			isa = PBXGroup;
			children = (
				9347649D2404933300D655A6 /* SF-Mono-Regular.otf */,
				934764A5240493E000D655A6 /* SF-Mono-Bold.otf */,
				934764A3240493DF00D655A6 /* SF-Mono-BoldItalic.otf */,
				934764AB240493E100D655A6 /* SF-Mono-Heavy.otf */,
				934764A8240493E000D655A6 /* SF-Mono-HeavyItalic.otf */,
				934764A2240493DF00D655A6 /* SF-Mono-Light.otf */,
				934764A6240493E000D655A6 /* SF-Mono-LightItalic.otf */,
				934764A1240493DF00D655A6 /* SF-Mono-Medium.otf */,
				934764A7240493E000D655A6 /* SF-Mono-MediumItalic.otf */,
				934764A9240493E000D655A6 /* SF-Mono-RegularItalic.otf */,
				934764AA240493E000D655A6 /* SF-Mono-Semibold.otf */,
				934764A4240493E000D655A6 /* SF-Mono-SemiboldItalic.otf */,
			);
			path = Fonts;
			sourceTree = "<group>";
		};
/* End PBXGroup section */

/* Begin PBXNativeTarget section */
		4EAF4584221B1F5E006D6148 /* Lychee */ = {
			isa = PBXNativeTarget;
			buildConfigurationList = 4EAF45AD221B1F62006D6148 /* Build configuration list for PBXNativeTarget "Lychee" */;
			buildPhases = (
				4EAF4581221B1F5E006D6148 /* Sources */,
				4EAF4582221B1F5E006D6148 /* Frameworks */,
				4EAF4583221B1F5E006D6148 /* Resources */,
			);
			buildRules = (
			);
			dependencies = (
			);
			name = Lychee;
			productName = Lychee;
			productReference = 4EAF4585221B1F5E006D6148 /* Lychee.app */;
			productType = "com.apple.product-type.application";
		};
		4EAF4598221B1F61006D6148 /* LycheeTests */ = {
			isa = PBXNativeTarget;
			buildConfigurationList = 4EAF45B0221B1F62006D6148 /* Build configuration list for PBXNativeTarget "LycheeTests" */;
			buildPhases = (
				4EAF4595221B1F61006D6148 /* Sources */,
				4EAF4596221B1F61006D6148 /* Frameworks */,
				4EAF4597221B1F61006D6148 /* Resources */,
			);
			buildRules = (
			);
			dependencies = (
				4EAF459B221B1F61006D6148 /* PBXTargetDependency */,
			);
			name = LycheeTests;
			productName = LycheeTests;
			productReference = 4EAF4599221B1F61006D6148 /* LycheeTests.xctest */;
			productType = "com.apple.product-type.bundle.unit-test";
		};
		4EAF45A3221B1F62006D6148 /* LycheeUITests */ = {
			isa = PBXNativeTarget;
			buildConfigurationList = 4EAF45B3221B1F62006D6148 /* Build configuration list for PBXNativeTarget "LycheeUITests" */;
			buildPhases = (
				4EAF45A0221B1F62006D6148 /* Sources */,
				4EAF45A1221B1F62006D6148 /* Frameworks */,
				4EAF45A2221B1F62006D6148 /* Resources */,
			);
			buildRules = (
			);
			dependencies = (
				4EAF45A6221B1F62006D6148 /* PBXTargetDependency */,
			);
			name = LycheeUITests;
			productName = LycheeUITests;
			productReference = 4EAF45A4221B1F62006D6148 /* LycheeUITests.xctest */;
			productType = "com.apple.product-type.bundle.ui-testing";
		};
/* End PBXNativeTarget section */

/* Begin PBXProject section */
		4EAF457D221B1F5E006D6148 /* Project object */ = {
			isa = PBXProject;
			attributes = {
				LastSwiftUpdateCheck = 1010;
				LastUpgradeCheck = 1010;
				ORGANIZATIONNAME = "Divya K";
				TargetAttributes = {
					4EAF4584221B1F5E006D6148 = {
						CreatedOnToolsVersion = 10.1;
					};
					4EAF4598221B1F61006D6148 = {
						CreatedOnToolsVersion = 10.1;
						TestTargetID = 4EAF4584221B1F5E006D6148;
					};
					4EAF45A3221B1F62006D6148 = {
						CreatedOnToolsVersion = 10.1;
						TestTargetID = 4EAF4584221B1F5E006D6148;
					};
				};
			};
			buildConfigurationList = 4EAF4580221B1F5E006D6148 /* Build configuration list for PBXProject "Lychee" */;
			compatibilityVersion = "Xcode 9.3";
			developmentRegion = en;
			hasScannedForEncodings = 0;
			knownRegions = (
				en,
				Base,
			);
			mainGroup = 4EAF457C221B1F5E006D6148;
			productRefGroup = 4EAF4586221B1F5E006D6148 /* Products */;
			projectDirPath = "";
			projectRoot = "";
			targets = (
				4EAF4584221B1F5E006D6148 /* Lychee */,
				4EAF4598221B1F61006D6148 /* LycheeTests */,
				4EAF45A3221B1F62006D6148 /* LycheeUITests */,
			);
		};
/* End PBXProject section */

/* Begin PBXResourcesBuildPhase section */
		4EAF4583221B1F5E006D6148 /* Resources */ = {
			isa = PBXResourcesBuildPhase;
			buildActionMask = 2147483647;
			files = (
				934764B1240493E100D655A6 /* SF-Mono-LightItalic.otf in Resources */,
				934764AD240493E100D655A6 /* SF-Mono-Light.otf in Resources */,
				934764AE240493E100D655A6 /* SF-Mono-BoldItalic.otf in Resources */,
				934764AF240493E100D655A6 /* SF-Mono-SemiboldItalic.otf in Resources */,
				9347649E2404933300D655A6 /* SF-Mono-Regular.otf in Resources */,
				934764B6240493E100D655A6 /* SF-Mono-Heavy.otf in Resources */,
				934764B3240493E100D655A6 /* SF-Mono-HeavyItalic.otf in Resources */,
				934764B2240493E100D655A6 /* SF-Mono-MediumItalic.otf in Resources */,
				934764B0240493E100D655A6 /* SF-Mono-Bold.otf in Resources */,
				934764B4240493E100D655A6 /* SF-Mono-RegularItalic.otf in Resources */,
				4EAF4593221B1F61006D6148 /* LaunchScreen.storyboard in Resources */,
				4EAF4590221B1F61006D6148 /* Assets.xcassets in Resources */,
				4EAF458E221B1F5F006D6148 /* Main.storyboard in Resources */,
				934764B5240493E100D655A6 /* SF-Mono-Semibold.otf in Resources */,
				934764AC240493E100D655A6 /* SF-Mono-Medium.otf in Resources */,
			);
			runOnlyForDeploymentPostprocessing = 0;
		};
		4EAF4597221B1F61006D6148 /* Resources */ = {
			isa = PBXResourcesBuildPhase;
			buildActionMask = 2147483647;
			files = (
				934764C12404940300D655A6 /* SF-Mono-RegularItalic.otf in Resources */,
				934764C22404940300D655A6 /* SF-Mono-Semibold.otf in Resources */,
				934764C32404940300D655A6 /* SF-Mono-SemiboldItalic.otf in Resources */,
				934764BD2404940300D655A6 /* SF-Mono-Light.otf in Resources */,
				934764BC2404940300D655A6 /* SF-Mono-HeavyItalic.otf in Resources */,
				934764BA2404940300D655A6 /* SF-Mono-BoldItalic.otf in Resources */,
				934764BE2404940300D655A6 /* SF-Mono-LightItalic.otf in Resources */,
				934764BB2404940300D655A6 /* SF-Mono-Heavy.otf in Resources */,
				934764B82404940000D655A6 /* SF-Mono-Bold.otf in Resources */,
				934764C02404940300D655A6 /* SF-Mono-MediumItalic.otf in Resources */,
				934764BF2404940300D655A6 /* SF-Mono-Medium.otf in Resources */,
				9347649F2404934D00D655A6 /* SF-Mono-Regular.otf in Resources */,
			);
			runOnlyForDeploymentPostprocessing = 0;
		};
		4EAF45A2221B1F62006D6148 /* Resources */ = {
			isa = PBXResourcesBuildPhase;
			buildActionMask = 2147483647;
			files = (
				934764CB2404940400D655A6 /* SF-Mono-RegularItalic.otf in Resources */,
				934764CC2404940400D655A6 /* SF-Mono-Semibold.otf in Resources */,
				934764CD2404940400D655A6 /* SF-Mono-SemiboldItalic.otf in Resources */,
				934764C72404940400D655A6 /* SF-Mono-Light.otf in Resources */,
				934764C62404940400D655A6 /* SF-Mono-HeavyItalic.otf in Resources */,
				934764C42404940400D655A6 /* SF-Mono-BoldItalic.otf in Resources */,
				934764C82404940400D655A6 /* SF-Mono-LightItalic.otf in Resources */,
				934764C52404940400D655A6 /* SF-Mono-Heavy.otf in Resources */,
				934764B92404940000D655A6 /* SF-Mono-Bold.otf in Resources */,
				934764CA2404940400D655A6 /* SF-Mono-MediumItalic.otf in Resources */,
				934764C92404940400D655A6 /* SF-Mono-Medium.otf in Resources */,
				934764A02404934E00D655A6 /* SF-Mono-Regular.otf in Resources */,
			);
			runOnlyForDeploymentPostprocessing = 0;
		};
/* End PBXResourcesBuildPhase section */

/* Begin PBXSourcesBuildPhase section */
		4EAF4581221B1F5E006D6148 /* Sources */ = {
			isa = PBXSourcesBuildPhase;
			buildActionMask = 2147483647;
			files = (
				4EAF45B7221B2204006D6148 /* ScannerVC.swift in Sources */,
				4E19AEE7221CC08600423CA0 /* EditThemeVC.swift in Sources */,
				4EAF45BD221CB88B006D6148 /* UserData.swift in Sources */,
				4EAF458B221B1F5E006D6148 /* WelcomeVC.swift in Sources */,
				9379BDD5240D862F00540398 /* NutritionInfo.swift in Sources */,
				4EAF4589221B1F5E006D6148 /* AppDelegate.swift in Sources */,
				4EAF45B9221B22BB006D6148 /* Helper.swift in Sources */,
				4E54E867224DB5ED003706EE /* ScanItemVC.swift in Sources */,
				4EAF45BB221C942A006D6148 /* MyAllergensVC.swift in Sources */,
				933A7CF6240504840094E34F /* SettingsVC.swift in Sources */,
			);
			runOnlyForDeploymentPostprocessing = 0;
		};
		4EAF4595221B1F61006D6148 /* Sources */ = {
			isa = PBXSourcesBuildPhase;
			buildActionMask = 2147483647;
			files = (
				4EAF459E221B1F61006D6148 /* LycheeTests.swift in Sources */,
			);
			runOnlyForDeploymentPostprocessing = 0;
		};
		4EAF45A0221B1F62006D6148 /* Sources */ = {
			isa = PBXSourcesBuildPhase;
			buildActionMask = 2147483647;
			files = (
				4EAF45A9221B1F62006D6148 /* LycheeUITests.swift in Sources */,
			);
			runOnlyForDeploymentPostprocessing = 0;
		};
/* End PBXSourcesBuildPhase section */

/* Begin PBXTargetDependency section */
		4EAF459B221B1F61006D6148 /* PBXTargetDependency */ = {
			isa = PBXTargetDependency;
			target = 4EAF4584221B1F5E006D6148 /* Lychee */;
			targetProxy = 4EAF459A221B1F61006D6148 /* PBXContainerItemProxy */;
		};
		4EAF45A6221B1F62006D6148 /* PBXTargetDependency */ = {
			isa = PBXTargetDependency;
			target = 4EAF4584221B1F5E006D6148 /* Lychee */;
			targetProxy = 4EAF45A5221B1F62006D6148 /* PBXContainerItemProxy */;
		};
/* End PBXTargetDependency section */

/* Begin PBXVariantGroup section */
		4EAF458C221B1F5F006D6148 /* Main.storyboard */ = {
			isa = PBXVariantGroup;
			children = (
				4EAF458D221B1F5F006D6148 /* Base */,
			);
			name = Main.storyboard;
			sourceTree = "<group>";
		};
		4EAF4591221B1F61006D6148 /* LaunchScreen.storyboard */ = {
			isa = PBXVariantGroup;
			children = (
				4EAF4592221B1F61006D6148 /* Base */,
			);
			name = LaunchScreen.storyboard;
			sourceTree = "<group>";
		};
/* End PBXVariantGroup section */

/* Begin XCBuildConfiguration section */
		4EAF45AB221B1F62006D6148 /* Debug */ = {
			isa = XCBuildConfiguration;
			buildSettings = {
				ALWAYS_SEARCH_USER_PATHS = NO;
				CLANG_ANALYZER_NONNULL = YES;
				CLANG_ANALYZER_NUMBER_OBJECT_CONVERSION = YES_AGGRESSIVE;
				CLANG_CXX_LANGUAGE_STANDARD = "gnu++14";
				CLANG_CXX_LIBRARY = "libc++";
				CLANG_ENABLE_MODULES = YES;
				CLANG_ENABLE_OBJC_ARC = YES;
				CLANG_ENABLE_OBJC_WEAK = YES;
				CLANG_WARN_BLOCK_CAPTURE_AUTORELEASING = YES;
				CLANG_WARN_BOOL_CONVERSION = YES;
				CLANG_WARN_COMMA = YES;
				CLANG_WARN_CONSTANT_CONVERSION = YES;
				CLANG_WARN_DEPRECATED_OBJC_IMPLEMENTATIONS = YES;
				CLANG_WARN_DIRECT_OBJC_ISA_USAGE = YES_ERROR;
				CLANG_WARN_DOCUMENTATION_COMMENTS = YES;
				CLANG_WARN_EMPTY_BODY = YES;
				CLANG_WARN_ENUM_CONVERSION = YES;
				CLANG_WARN_INFINITE_RECURSION = YES;
				CLANG_WARN_INT_CONVERSION = YES;
				CLANG_WARN_NON_LITERAL_NULL_CONVERSION = YES;
				CLANG_WARN_OBJC_IMPLICIT_RETAIN_SELF = YES;
				CLANG_WARN_OBJC_LITERAL_CONVERSION = YES;
				CLANG_WARN_OBJC_ROOT_CLASS = YES_ERROR;
				CLANG_WARN_RANGE_LOOP_ANALYSIS = YES;
				CLANG_WARN_STRICT_PROTOTYPES = YES;
				CLANG_WARN_SUSPICIOUS_MOVE = YES;
				CLANG_WARN_UNGUARDED_AVAILABILITY = YES_AGGRESSIVE;
				CLANG_WARN_UNREACHABLE_CODE = YES;
				CLANG_WARN__DUPLICATE_METHOD_MATCH = YES;
				CODE_SIGN_IDENTITY = "iPhone Developer";
				COPY_PHASE_STRIP = NO;
				DEBUG_INFORMATION_FORMAT = dwarf;
				ENABLE_STRICT_OBJC_MSGSEND = YES;
				ENABLE_TESTABILITY = YES;
				GCC_C_LANGUAGE_STANDARD = gnu11;
				GCC_DYNAMIC_NO_PIC = NO;
				GCC_NO_COMMON_BLOCKS = YES;
				GCC_OPTIMIZATION_LEVEL = 0;
				GCC_PREPROCESSOR_DEFINITIONS = (
					"DEBUG=1",
					"$(inherited)",
				);
				GCC_WARN_64_TO_32_BIT_CONVERSION = YES;
				GCC_WARN_ABOUT_RETURN_TYPE = YES_ERROR;
				GCC_WARN_UNDECLARED_SELECTOR = YES;
				GCC_WARN_UNINITIALIZED_AUTOS = YES_AGGRESSIVE;
				GCC_WARN_UNUSED_FUNCTION = YES;
				GCC_WARN_UNUSED_VARIABLE = YES;
				IPHONEOS_DEPLOYMENT_TARGET = 12.1;
				MTL_ENABLE_DEBUG_INFO = INCLUDE_SOURCE;
				MTL_FAST_MATH = YES;
				ONLY_ACTIVE_ARCH = YES;
				SDKROOT = iphoneos;
				SWIFT_ACTIVE_COMPILATION_CONDITIONS = DEBUG;
				SWIFT_OPTIMIZATION_LEVEL = "-Onone";
			};
			name = Debug;
		};
		4EAF45AC221B1F62006D6148 /* Release */ = {
			isa = XCBuildConfiguration;
			buildSettings = {
				ALWAYS_SEARCH_USER_PATHS = NO;
				CLANG_ANALYZER_NONNULL = YES;
				CLANG_ANALYZER_NUMBER_OBJECT_CONVERSION = YES_AGGRESSIVE;
				CLANG_CXX_LANGUAGE_STANDARD = "gnu++14";
				CLANG_CXX_LIBRARY = "libc++";
				CLANG_ENABLE_MODULES = YES;
				CLANG_ENABLE_OBJC_ARC = YES;
				CLANG_ENABLE_OBJC_WEAK = YES;
				CLANG_WARN_BLOCK_CAPTURE_AUTORELEASING = YES;
				CLANG_WARN_BOOL_CONVERSION = YES;
				CLANG_WARN_COMMA = YES;
				CLANG_WARN_CONSTANT_CONVERSION = YES;
				CLANG_WARN_DEPRECATED_OBJC_IMPLEMENTATIONS = YES;
				CLANG_WARN_DIRECT_OBJC_ISA_USAGE = YES_ERROR;
				CLANG_WARN_DOCUMENTATION_COMMENTS = YES;
				CLANG_WARN_EMPTY_BODY = YES;
				CLANG_WARN_ENUM_CONVERSION = YES;
				CLANG_WARN_INFINITE_RECURSION = YES;
				CLANG_WARN_INT_CONVERSION = YES;
				CLANG_WARN_NON_LITERAL_NULL_CONVERSION = YES;
				CLANG_WARN_OBJC_IMPLICIT_RETAIN_SELF = YES;
				CLANG_WARN_OBJC_LITERAL_CONVERSION = YES;
				CLANG_WARN_OBJC_ROOT_CLASS = YES_ERROR;
				CLANG_WARN_RANGE_LOOP_ANALYSIS = YES;
				CLANG_WARN_STRICT_PROTOTYPES = YES;
				CLANG_WARN_SUSPICIOUS_MOVE = YES;
				CLANG_WARN_UNGUARDED_AVAILABILITY = YES_AGGRESSIVE;
				CLANG_WARN_UNREACHABLE_CODE = YES;
				CLANG_WARN__DUPLICATE_METHOD_MATCH = YES;
				CODE_SIGN_IDENTITY = "iPhone Developer";
				COPY_PHASE_STRIP = NO;
				DEBUG_INFORMATION_FORMAT = "dwarf-with-dsym";
				ENABLE_NS_ASSERTIONS = NO;
				ENABLE_STRICT_OBJC_MSGSEND = YES;
				GCC_C_LANGUAGE_STANDARD = gnu11;
				GCC_NO_COMMON_BLOCKS = YES;
				GCC_WARN_64_TO_32_BIT_CONVERSION = YES;
				GCC_WARN_ABOUT_RETURN_TYPE = YES_ERROR;
				GCC_WARN_UNDECLARED_SELECTOR = YES;
				GCC_WARN_UNINITIALIZED_AUTOS = YES_AGGRESSIVE;
				GCC_WARN_UNUSED_FUNCTION = YES;
				GCC_WARN_UNUSED_VARIABLE = YES;
				IPHONEOS_DEPLOYMENT_TARGET = 12.1;
				MTL_ENABLE_DEBUG_INFO = NO;
				MTL_FAST_MATH = YES;
				SDKROOT = iphoneos;
				SWIFT_COMPILATION_MODE = wholemodule;
				SWIFT_OPTIMIZATION_LEVEL = "-O";
				VALIDATE_PRODUCT = YES;
			};
			name = Release;
		};
		4EAF45AE221B1F62006D6148 /* Debug */ = {
			isa = XCBuildConfiguration;
			buildSettings = {
				ASSETCATALOG_COMPILER_APPICON_NAME = AppIcon;
				CODE_SIGN_STYLE = Automatic;
				DEVELOPMENT_TEAM = 294WP28D94;
				INFOPLIST_FILE = Lychee/Info.plist;
				LD_RUNPATH_SEARCH_PATHS = (
					"$(inherited)",
					"@executable_path/Frameworks",
				);
				PRODUCT_BUNDLE_IDENTIFIER = divyak.Lychee;
				PRODUCT_NAME = "$(TARGET_NAME)";
				SWIFT_VERSION = 4.2;
				TARGETED_DEVICE_FAMILY = "1,2";
			};
			name = Debug;
		};
		4EAF45AF221B1F62006D6148 /* Release */ = {
			isa = XCBuildConfiguration;
			buildSettings = {
				ASSETCATALOG_COMPILER_APPICON_NAME = AppIcon;
				CODE_SIGN_STYLE = Automatic;
				DEVELOPMENT_TEAM = 294WP28D94;
				INFOPLIST_FILE = Lychee/Info.plist;
				LD_RUNPATH_SEARCH_PATHS = (
					"$(inherited)",
					"@executable_path/Frameworks",
				);
				PRODUCT_BUNDLE_IDENTIFIER = divyak.Lychee;
				PRODUCT_NAME = "$(TARGET_NAME)";
				SWIFT_VERSION = 4.2;
				TARGETED_DEVICE_FAMILY = "1,2";
			};
			name = Release;
		};
		4EAF45B1221B1F62006D6148 /* Debug */ = {
			isa = XCBuildConfiguration;
			buildSettings = {
				ALWAYS_EMBED_SWIFT_STANDARD_LIBRARIES = YES;
				BUNDLE_LOADER = "$(TEST_HOST)";
				CODE_SIGN_STYLE = Automatic;
				INFOPLIST_FILE = LycheeTests/Info.plist;
				LD_RUNPATH_SEARCH_PATHS = (
					"$(inherited)",
					"@executable_path/Frameworks",
					"@loader_path/Frameworks",
				);
				PRODUCT_BUNDLE_IDENTIFIER = divyak.LycheeTests;
				PRODUCT_NAME = "$(TARGET_NAME)";
				SWIFT_VERSION = 4.2;
				TARGETED_DEVICE_FAMILY = "1,2";
				TEST_HOST = "$(BUILT_PRODUCTS_DIR)/Lychee.app/Lychee";
			};
			name = Debug;
		};
		4EAF45B2221B1F62006D6148 /* Release */ = {
			isa = XCBuildConfiguration;
			buildSettings = {
				ALWAYS_EMBED_SWIFT_STANDARD_LIBRARIES = YES;
				BUNDLE_LOADER = "$(TEST_HOST)";
				CODE_SIGN_STYLE = Automatic;
				INFOPLIST_FILE = LycheeTests/Info.plist;
				LD_RUNPATH_SEARCH_PATHS = (
					"$(inherited)",
					"@executable_path/Frameworks",
					"@loader_path/Frameworks",
				);
				PRODUCT_BUNDLE_IDENTIFIER = divyak.LycheeTests;
				PRODUCT_NAME = "$(TARGET_NAME)";
				SWIFT_VERSION = 4.2;
				TARGETED_DEVICE_FAMILY = "1,2";
				TEST_HOST = "$(BUILT_PRODUCTS_DIR)/Lychee.app/Lychee";
			};
			name = Release;
		};
		4EAF45B4221B1F62006D6148 /* Debug */ = {
			isa = XCBuildConfiguration;
			buildSettings = {
				ALWAYS_EMBED_SWIFT_STANDARD_LIBRARIES = YES;
				CODE_SIGN_STYLE = Automatic;
				INFOPLIST_FILE = LycheeUITests/Info.plist;
				LD_RUNPATH_SEARCH_PATHS = (
					"$(inherited)",
					"@executable_path/Frameworks",
					"@loader_path/Frameworks",
				);
				PRODUCT_BUNDLE_IDENTIFIER = divyak.LycheeUITests;
				PRODUCT_NAME = "$(TARGET_NAME)";
				SWIFT_VERSION = 4.2;
				TARGETED_DEVICE_FAMILY = "1,2";
				TEST_TARGET_NAME = Lychee;
			};
			name = Debug;
		};
		4EAF45B5221B1F62006D6148 /* Release */ = {
			isa = XCBuildConfiguration;
			buildSettings = {
				ALWAYS_EMBED_SWIFT_STANDARD_LIBRARIES = YES;
				CODE_SIGN_STYLE = Automatic;
				INFOPLIST_FILE = LycheeUITests/Info.plist;
				LD_RUNPATH_SEARCH_PATHS = (
					"$(inherited)",
					"@executable_path/Frameworks",
					"@loader_path/Frameworks",
				);
				PRODUCT_BUNDLE_IDENTIFIER = divyak.LycheeUITests;
				PRODUCT_NAME = "$(TARGET_NAME)";
				SWIFT_VERSION = 4.2;
				TARGETED_DEVICE_FAMILY = "1,2";
				TEST_TARGET_NAME = Lychee;
			};
			name = Release;
		};
/* End XCBuildConfiguration section */

/* Begin XCConfigurationList section */
		4EAF4580221B1F5E006D6148 /* Build configuration list for PBXProject "Lychee" */ = {
			isa = XCConfigurationList;
			buildConfigurations = (
				4EAF45AB221B1F62006D6148 /* Debug */,
				4EAF45AC221B1F62006D6148 /* Release */,
			);
			defaultConfigurationIsVisible = 0;
			defaultConfigurationName = Release;
		};
		4EAF45AD221B1F62006D6148 /* Build configuration list for PBXNativeTarget "Lychee" */ = {
			isa = XCConfigurationList;
			buildConfigurations = (
				4EAF45AE221B1F62006D6148 /* Debug */,
				4EAF45AF221B1F62006D6148 /* Release */,
			);
			defaultConfigurationIsVisible = 0;
			defaultConfigurationName = Release;
		};
		4EAF45B0221B1F62006D6148 /* Build configuration list for PBXNativeTarget "LycheeTests" */ = {
			isa = XCConfigurationList;
			buildConfigurations = (
				4EAF45B1221B1F62006D6148 /* Debug */,
				4EAF45B2221B1F62006D6148 /* Release */,
			);
			defaultConfigurationIsVisible = 0;
			defaultConfigurationName = Release;
		};
		4EAF45B3221B1F62006D6148 /* Build configuration list for PBXNativeTarget "LycheeUITests" */ = {
			isa = XCConfigurationList;
			buildConfigurations = (
				4EAF45B4221B1F62006D6148 /* Debug */,
				4EAF45B5221B1F62006D6148 /* Release */,
			);
			defaultConfigurationIsVisible = 0;
			defaultConfigurationName = Release;
		};
/* End XCConfigurationList section */
	};
	rootObject = 4EAF457D221B1F5E006D6148 /* Project object */;
}
